// !$*UTF8*$!
{
	archiveVersion = 1;
	classes = {
	};
	objectVersion = 46;
	objects = {

/* Begin PBXAggregateTarget section */
		"danake::danakePackageTests::ProductTarget" /* danakePackageTests */ = {
			isa = PBXAggregateTarget;
			buildConfigurationList = OBJ_147 /* Build configuration list for PBXAggregateTarget "danakePackageTests" */;
			buildPhases = (
			);
			dependencies = (
				OBJ_150 /* PBXTargetDependency */,
			);
			name = danakePackageTests;
			productName = danakePackageTests;
		};
/* End PBXAggregateTarget section */

/* Begin PBXBuildFile section */
		08ED06A622F72C48004F0B34 /* BacktraceInstallation.swift in Sources */ = {isa = PBXBuildFile; fileRef = 08ED06A122F72B5B004F0B34 /* BacktraceInstallation.swift */; };
		OBJ_100 /* Configuration.swift in Sources */ = {isa = PBXBuildFile; fileRef = OBJ_49 /* Configuration.swift */; };
		OBJ_101 /* CustomStringConvertible.swift in Sources */ = {isa = PBXBuildFile; fileRef = OBJ_50 /* CustomStringConvertible.swift */; };
		OBJ_102 /* Error.swift in Sources */ = {isa = PBXBuildFile; fileRef = OBJ_51 /* Error.swift */; };
		OBJ_103 /* Guarantee.swift in Sources */ = {isa = PBXBuildFile; fileRef = OBJ_52 /* Guarantee.swift */; };
		OBJ_104 /* LogEvent.swift in Sources */ = {isa = PBXBuildFile; fileRef = OBJ_53 /* LogEvent.swift */; };
		OBJ_105 /* Promise.swift in Sources */ = {isa = PBXBuildFile; fileRef = OBJ_54 /* Promise.swift */; };
		OBJ_106 /* Resolver.swift in Sources */ = {isa = PBXBuildFile; fileRef = OBJ_55 /* Resolver.swift */; };
		OBJ_107 /* Thenable.swift in Sources */ = {isa = PBXBuildFile; fileRef = OBJ_56 /* Thenable.swift */; };
		OBJ_108 /* after.swift in Sources */ = {isa = PBXBuildFile; fileRef = OBJ_57 /* after.swift */; };
		OBJ_109 /* firstly.swift in Sources */ = {isa = PBXBuildFile; fileRef = OBJ_58 /* firstly.swift */; };
		OBJ_110 /* hang.swift in Sources */ = {isa = PBXBuildFile; fileRef = OBJ_59 /* hang.swift */; };
		OBJ_111 /* race.swift in Sources */ = {isa = PBXBuildFile; fileRef = OBJ_60 /* race.swift */; };
		OBJ_112 /* when.swift in Sources */ = {isa = PBXBuildFile; fileRef = OBJ_61 /* when.swift */; };
		OBJ_119 /* Package.swift in Sources */ = {isa = PBXBuildFile; fileRef = OBJ_46 /* Package.swift */; };
		OBJ_125 /* EntityCache.swift in Sources */ = {isa = PBXBuildFile; fileRef = OBJ_9 /* EntityCache.swift */; };
		OBJ_126 /* InMemoryAccessor.swift in Sources */ = {isa = PBXBuildFile; fileRef = OBJ_10 /* InMemoryAccessor.swift */; };
		OBJ_127 /* ParallelTest.swift in Sources */ = {isa = PBXBuildFile; fileRef = OBJ_11 /* ParallelTest.swift */; };
		OBJ_128 /* ReferenceManager.swift in Sources */ = {isa = PBXBuildFile; fileRef = OBJ_12 /* ReferenceManager.swift */; };
		OBJ_129 /* SampleUsage.swift in Sources */ = {isa = PBXBuildFile; fileRef = OBJ_13 /* SampleUsage.swift */; };
		OBJ_130 /* batch.swift in Sources */ = {isa = PBXBuildFile; fileRef = OBJ_14 /* batch.swift */; };
		OBJ_131 /* database.swift in Sources */ = {isa = PBXBuildFile; fileRef = OBJ_15 /* database.swift */; };
		OBJ_132 /* entity.swift in Sources */ = {isa = PBXBuildFile; fileRef = OBJ_16 /* entity.swift */; };
		OBJ_133 /* logging.swift in Sources */ = {isa = PBXBuildFile; fileRef = OBJ_17 /* logging.swift */; };
		OBJ_134 /* promise.swift in Sources */ = {isa = PBXBuildFile; fileRef = OBJ_18 /* promise.swift */; };
		OBJ_136 /* JSONEquality.framework in Frameworks */ = {isa = PBXBuildFile; fileRef = "JSONEquality::JSONEquality::Product" /* JSONEquality.framework */; };
		OBJ_137 /* PromiseKit.framework in Frameworks */ = {isa = PBXBuildFile; fileRef = "PromiseKit::PromiseKit::Product" /* PromiseKit.framework */; };
		OBJ_145 /* Package.swift in Sources */ = {isa = PBXBuildFile; fileRef = OBJ_6 /* Package.swift */; };
		OBJ_156 /* BatchTests.swift in Sources */ = {isa = PBXBuildFile; fileRef = OBJ_21 /* BatchTests.swift */; };
		OBJ_157 /* DatabaseTests.swift in Sources */ = {isa = PBXBuildFile; fileRef = OBJ_22 /* DatabaseTests.swift */; };
		OBJ_158 /* EntityCacheTests.swift in Sources */ = {isa = PBXBuildFile; fileRef = OBJ_23 /* EntityCacheTests.swift */; };
		OBJ_159 /* EntityCommitDirtyTests.swift in Sources */ = {isa = PBXBuildFile; fileRef = OBJ_24 /* EntityCommitDirtyTests.swift */; };
		OBJ_160 /* EntityCommitNewTests.swift in Sources */ = {isa = PBXBuildFile; fileRef = OBJ_25 /* EntityCommitNewTests.swift */; };
		OBJ_161 /* EntityCommitPendingRemovalTests.swift in Sources */ = {isa = PBXBuildFile; fileRef = OBJ_26 /* EntityCommitPendingRemovalTests.swift */; };
		OBJ_162 /* EntityCommitTests.swift in Sources */ = {isa = PBXBuildFile; fileRef = OBJ_27 /* EntityCommitTests.swift */; };
		OBJ_163 /* EntityTests.swift in Sources */ = {isa = PBXBuildFile; fileRef = OBJ_28 /* EntityTests.swift */; };
		OBJ_164 /* InMemoryAccessorTests.swift in Sources */ = {isa = PBXBuildFile; fileRef = OBJ_29 /* InMemoryAccessorTests.swift */; };
		OBJ_165 /* IntegrationTests.swift in Sources */ = {isa = PBXBuildFile; fileRef = OBJ_30 /* IntegrationTests.swift */; };
		OBJ_166 /* LoggingTests.swift in Sources */ = {isa = PBXBuildFile; fileRef = OBJ_31 /* LoggingTests.swift */; };
		OBJ_167 /* ReferenceManagerTests.swift in Sources */ = {isa = PBXBuildFile; fileRef = OBJ_32 /* ReferenceManagerTests.swift */; };
		OBJ_168 /* SampleUsageTests.swift in Sources */ = {isa = PBXBuildFile; fileRef = OBJ_33 /* SampleUsageTests.swift */; };
		OBJ_169 /* common.swift in Sources */ = {isa = PBXBuildFile; fileRef = OBJ_34 /* common.swift */; };
		OBJ_171 /* Backtrace.framework in Frameworks */ = {isa = PBXBuildFile; fileRef = "swift-backtrace::Backtrace::Product" /* Backtrace.framework */; };
		OBJ_172 /* danake.framework in Frameworks */ = {isa = PBXBuildFile; fileRef = "danake::danake::Product" /* danake.framework */; };
		OBJ_173 /* JSONEquality.framework in Frameworks */ = {isa = PBXBuildFile; fileRef = "JSONEquality::JSONEquality::Product" /* JSONEquality.framework */; };
		OBJ_174 /* PromiseKit.framework in Frameworks */ = {isa = PBXBuildFile; fileRef = "PromiseKit::PromiseKit::Product" /* PromiseKit.framework */; };
		OBJ_184 /* Package.swift in Sources */ = {isa = PBXBuildFile; fileRef = OBJ_40 /* Package.swift */; };
		OBJ_77 /* Backtrace.swift in Sources */ = {isa = PBXBuildFile; fileRef = OBJ_38 /* Backtrace.swift */; };
		OBJ_78 /* Demangle.swift in Sources */ = {isa = PBXBuildFile; fileRef = OBJ_39 /* Demangle.swift */; };
		OBJ_85 /* JSONEquality.swift in Sources */ = {isa = PBXBuildFile; fileRef = OBJ_43 /* JSONEquality.swift */; };
		OBJ_92 /* Package.swift in Sources */ = {isa = PBXBuildFile; fileRef = OBJ_44 /* Package.swift */; };
		OBJ_98 /* Box.swift in Sources */ = {isa = PBXBuildFile; fileRef = OBJ_47 /* Box.swift */; };
		OBJ_99 /* Catchable.swift in Sources */ = {isa = PBXBuildFile; fileRef = OBJ_48 /* Catchable.swift */; };
/* End PBXBuildFile section */

/* Begin PBXContainerItemProxy section */
		08ED069B22F62C41004F0B34 /* PBXContainerItemProxy */ = {
			isa = PBXContainerItemProxy;
			containerPortal = OBJ_1 /* Project object */;
			proxyType = 1;
			remoteGlobalIDString = "JSONEquality::JSONEquality";
			remoteInfo = JSONEquality;
		};
		08ED069C22F62C41004F0B34 /* PBXContainerItemProxy */ = {
			isa = PBXContainerItemProxy;
			containerPortal = OBJ_1 /* Project object */;
			proxyType = 1;
			remoteGlobalIDString = "PromiseKit::PromiseKit";
			remoteInfo = PromiseKit;
		};
		08ED069D22F62C41004F0B34 /* PBXContainerItemProxy */ = {
			isa = PBXContainerItemProxy;
			containerPortal = OBJ_1 /* Project object */;
			proxyType = 1;
			remoteGlobalIDString = "swift-backtrace::Backtrace";
			remoteInfo = Backtrace;
		};
		08ED069E22F62C41004F0B34 /* PBXContainerItemProxy */ = {
			isa = PBXContainerItemProxy;
			containerPortal = OBJ_1 /* Project object */;
			proxyType = 1;
			remoteGlobalIDString = "danake::danake";
			remoteInfo = danake;
		};
		08ED069F22F62C41004F0B34 /* PBXContainerItemProxy */ = {
			isa = PBXContainerItemProxy;
			containerPortal = OBJ_1 /* Project object */;
			proxyType = 1;
			remoteGlobalIDString = "JSONEquality::JSONEquality";
			remoteInfo = JSONEquality;
		};
		08ED06A022F62C41004F0B34 /* PBXContainerItemProxy */ = {
			isa = PBXContainerItemProxy;
			containerPortal = OBJ_1 /* Project object */;
			proxyType = 1;
			remoteGlobalIDString = "PromiseKit::PromiseKit";
			remoteInfo = PromiseKit;
		};
		08ED06A322F72B5C004F0B34 /* PBXContainerItemProxy */ = {
			isa = PBXContainerItemProxy;
			containerPortal = OBJ_1 /* Project object */;
			proxyType = 1;
			remoteGlobalIDString = "danake::danakeTests";
			remoteInfo = danakeTests;
		};
/* End PBXContainerItemProxy section */

/* Begin PBXFileReference section */
		08ED06A122F72B5B004F0B34 /* BacktraceInstallation.swift */ = {isa = PBXFileReference; lastKnownFileType = sourcecode.swift; path = BacktraceInstallation.swift; sourceTree = "<group>"; };
		"JSONEquality::JSONEquality::Product" /* JSONEquality.framework */ = {isa = PBXFileReference; lastKnownFileType = wrapper.framework; path = JSONEquality.framework; sourceTree = BUILT_PRODUCTS_DIR; };
		OBJ_10 /* InMemoryAccessor.swift */ = {isa = PBXFileReference; lastKnownFileType = sourcecode.swift; path = InMemoryAccessor.swift; sourceTree = "<group>"; };
		OBJ_11 /* ParallelTest.swift */ = {isa = PBXFileReference; lastKnownFileType = sourcecode.swift; path = ParallelTest.swift; sourceTree = "<group>"; };
		OBJ_12 /* ReferenceManager.swift */ = {isa = PBXFileReference; lastKnownFileType = sourcecode.swift; path = ReferenceManager.swift; sourceTree = "<group>"; };
		OBJ_13 /* SampleUsage.swift */ = {isa = PBXFileReference; lastKnownFileType = sourcecode.swift; path = SampleUsage.swift; sourceTree = "<group>"; };
		OBJ_14 /* batch.swift */ = {isa = PBXFileReference; lastKnownFileType = sourcecode.swift; path = batch.swift; sourceTree = "<group>"; };
		OBJ_15 /* database.swift */ = {isa = PBXFileReference; lastKnownFileType = sourcecode.swift; path = database.swift; sourceTree = "<group>"; };
		OBJ_16 /* entity.swift */ = {isa = PBXFileReference; lastKnownFileType = sourcecode.swift; path = entity.swift; sourceTree = "<group>"; };
		OBJ_17 /* logging.swift */ = {isa = PBXFileReference; lastKnownFileType = sourcecode.swift; path = logging.swift; sourceTree = "<group>"; };
		OBJ_18 /* promise.swift */ = {isa = PBXFileReference; lastKnownFileType = sourcecode.swift; path = promise.swift; sourceTree = "<group>"; };
		OBJ_21 /* BatchTests.swift */ = {isa = PBXFileReference; lastKnownFileType = sourcecode.swift; path = BatchTests.swift; sourceTree = "<group>"; };
		OBJ_22 /* DatabaseTests.swift */ = {isa = PBXFileReference; lastKnownFileType = sourcecode.swift; path = DatabaseTests.swift; sourceTree = "<group>"; };
		OBJ_23 /* EntityCacheTests.swift */ = {isa = PBXFileReference; lastKnownFileType = sourcecode.swift; path = EntityCacheTests.swift; sourceTree = "<group>"; };
		OBJ_24 /* EntityCommitDirtyTests.swift */ = {isa = PBXFileReference; lastKnownFileType = sourcecode.swift; path = EntityCommitDirtyTests.swift; sourceTree = "<group>"; };
		OBJ_25 /* EntityCommitNewTests.swift */ = {isa = PBXFileReference; lastKnownFileType = sourcecode.swift; path = EntityCommitNewTests.swift; sourceTree = "<group>"; };
		OBJ_26 /* EntityCommitPendingRemovalTests.swift */ = {isa = PBXFileReference; lastKnownFileType = sourcecode.swift; path = EntityCommitPendingRemovalTests.swift; sourceTree = "<group>"; };
		OBJ_27 /* EntityCommitTests.swift */ = {isa = PBXFileReference; lastKnownFileType = sourcecode.swift; path = EntityCommitTests.swift; sourceTree = "<group>"; };
		OBJ_28 /* EntityTests.swift */ = {isa = PBXFileReference; lastKnownFileType = sourcecode.swift; path = EntityTests.swift; sourceTree = "<group>"; };
		OBJ_29 /* InMemoryAccessorTests.swift */ = {isa = PBXFileReference; lastKnownFileType = sourcecode.swift; path = InMemoryAccessorTests.swift; sourceTree = "<group>"; };
		OBJ_30 /* IntegrationTests.swift */ = {isa = PBXFileReference; lastKnownFileType = sourcecode.swift; path = IntegrationTests.swift; sourceTree = "<group>"; };
		OBJ_31 /* LoggingTests.swift */ = {isa = PBXFileReference; lastKnownFileType = sourcecode.swift; path = LoggingTests.swift; sourceTree = "<group>"; };
		OBJ_32 /* ReferenceManagerTests.swift */ = {isa = PBXFileReference; lastKnownFileType = sourcecode.swift; path = ReferenceManagerTests.swift; sourceTree = "<group>"; };
		OBJ_33 /* SampleUsageTests.swift */ = {isa = PBXFileReference; lastKnownFileType = sourcecode.swift; path = SampleUsageTests.swift; sourceTree = "<group>"; };
		OBJ_34 /* common.swift */ = {isa = PBXFileReference; lastKnownFileType = sourcecode.swift; path = common.swift; sourceTree = "<group>"; };
		OBJ_38 /* Backtrace.swift */ = {isa = PBXFileReference; lastKnownFileType = sourcecode.swift; path = Backtrace.swift; sourceTree = "<group>"; };
		OBJ_39 /* Demangle.swift */ = {isa = PBXFileReference; lastKnownFileType = sourcecode.swift; path = Demangle.swift; sourceTree = "<group>"; };
		OBJ_40 /* Package.swift */ = {isa = PBXFileReference; explicitFileType = sourcecode.swift; name = Package.swift; path = "/Users/neal/xcode/danake/.build/checkouts/swift-backtrace/Package.swift"; sourceTree = "<group>"; };
		OBJ_43 /* JSONEquality.swift */ = {isa = PBXFileReference; lastKnownFileType = sourcecode.swift; path = JSONEquality.swift; sourceTree = "<group>"; };
		OBJ_44 /* Package.swift */ = {isa = PBXFileReference; explicitFileType = sourcecode.swift; name = Package.swift; path = /Users/neal/xcode/danake/.build/checkouts/JSONEquality/Package.swift; sourceTree = "<group>"; };
		OBJ_46 /* Package.swift */ = {isa = PBXFileReference; explicitFileType = sourcecode.swift; name = Package.swift; path = /Users/neal/xcode/danake/.build/checkouts/PromiseKit/Package.swift; sourceTree = "<group>"; };
		OBJ_47 /* Box.swift */ = {isa = PBXFileReference; lastKnownFileType = sourcecode.swift; path = Box.swift; sourceTree = "<group>"; };
		OBJ_48 /* Catchable.swift */ = {isa = PBXFileReference; lastKnownFileType = sourcecode.swift; path = Catchable.swift; sourceTree = "<group>"; };
		OBJ_49 /* Configuration.swift */ = {isa = PBXFileReference; lastKnownFileType = sourcecode.swift; path = Configuration.swift; sourceTree = "<group>"; };
		OBJ_50 /* CustomStringConvertible.swift */ = {isa = PBXFileReference; lastKnownFileType = sourcecode.swift; path = CustomStringConvertible.swift; sourceTree = "<group>"; };
		OBJ_51 /* Error.swift */ = {isa = PBXFileReference; lastKnownFileType = sourcecode.swift; path = Error.swift; sourceTree = "<group>"; };
		OBJ_52 /* Guarantee.swift */ = {isa = PBXFileReference; lastKnownFileType = sourcecode.swift; path = Guarantee.swift; sourceTree = "<group>"; };
		OBJ_53 /* LogEvent.swift */ = {isa = PBXFileReference; lastKnownFileType = sourcecode.swift; path = LogEvent.swift; sourceTree = "<group>"; };
		OBJ_54 /* Promise.swift */ = {isa = PBXFileReference; lastKnownFileType = sourcecode.swift; path = Promise.swift; sourceTree = "<group>"; };
		OBJ_55 /* Resolver.swift */ = {isa = PBXFileReference; lastKnownFileType = sourcecode.swift; path = Resolver.swift; sourceTree = "<group>"; };
		OBJ_56 /* Thenable.swift */ = {isa = PBXFileReference; lastKnownFileType = sourcecode.swift; path = Thenable.swift; sourceTree = "<group>"; };
		OBJ_57 /* after.swift */ = {isa = PBXFileReference; lastKnownFileType = sourcecode.swift; path = after.swift; sourceTree = "<group>"; };
		OBJ_58 /* firstly.swift */ = {isa = PBXFileReference; lastKnownFileType = sourcecode.swift; path = firstly.swift; sourceTree = "<group>"; };
		OBJ_59 /* hang.swift */ = {isa = PBXFileReference; lastKnownFileType = sourcecode.swift; path = hang.swift; sourceTree = "<group>"; };
		OBJ_6 /* Package.swift */ = {isa = PBXFileReference; explicitFileType = sourcecode.swift; path = Package.swift; sourceTree = "<group>"; };
		OBJ_60 /* race.swift */ = {isa = PBXFileReference; lastKnownFileType = sourcecode.swift; path = race.swift; sourceTree = "<group>"; };
		OBJ_61 /* when.swift */ = {isa = PBXFileReference; lastKnownFileType = sourcecode.swift; path = when.swift; sourceTree = "<group>"; };
		OBJ_68 /* sourcery */ = {isa = PBXFileReference; lastKnownFileType = folder; path = sourcery; sourceTree = SOURCE_ROOT; };
		OBJ_69 /* LICENSE */ = {isa = PBXFileReference; lastKnownFileType = text; path = LICENSE; sourceTree = "<group>"; };
		OBJ_70 /* README.md */ = {isa = PBXFileReference; lastKnownFileType = net.daringfireball.markdown; path = README.md; sourceTree = "<group>"; };
		OBJ_71 /* sourcery.sh */ = {isa = PBXFileReference; lastKnownFileType = text.script.sh; path = sourcery.sh; sourceTree = "<group>"; };
		OBJ_9 /* EntityCache.swift */ = {isa = PBXFileReference; lastKnownFileType = sourcecode.swift; path = EntityCache.swift; sourceTree = "<group>"; };
		"PromiseKit::PromiseKit::Product" /* PromiseKit.framework */ = {isa = PBXFileReference; lastKnownFileType = wrapper.framework; path = PromiseKit.framework; sourceTree = BUILT_PRODUCTS_DIR; };
		"danake::danake::Product" /* danake.framework */ = {isa = PBXFileReference; lastKnownFileType = wrapper.framework; path = danake.framework; sourceTree = BUILT_PRODUCTS_DIR; };
		"danake::danakeTests::Product" /* danakeTests.xctest */ = {isa = PBXFileReference; lastKnownFileType = file; path = danakeTests.xctest; sourceTree = BUILT_PRODUCTS_DIR; };
		"swift-backtrace::Backtrace::Product" /* Backtrace.framework */ = {isa = PBXFileReference; lastKnownFileType = wrapper.framework; path = Backtrace.framework; sourceTree = BUILT_PRODUCTS_DIR; };
/* End PBXFileReference section */

/* Begin PBXFrameworksBuildPhase section */
		OBJ_113 /* Frameworks */ = {
			isa = PBXFrameworksBuildPhase;
			buildActionMask = 0;
			files = (
			);
			runOnlyForDeploymentPostprocessing = 0;
		};
		OBJ_135 /* Frameworks */ = {
			isa = PBXFrameworksBuildPhase;
			buildActionMask = 0;
			files = (
				OBJ_136 /* JSONEquality.framework in Frameworks */,
				OBJ_137 /* PromiseKit.framework in Frameworks */,
			);
			runOnlyForDeploymentPostprocessing = 0;
		};
		OBJ_170 /* Frameworks */ = {
			isa = PBXFrameworksBuildPhase;
			buildActionMask = 0;
			files = (
				OBJ_171 /* Backtrace.framework in Frameworks */,
				OBJ_172 /* danake.framework in Frameworks */,
				OBJ_173 /* JSONEquality.framework in Frameworks */,
				OBJ_174 /* PromiseKit.framework in Frameworks */,
			);
			runOnlyForDeploymentPostprocessing = 0;
		};
		OBJ_79 /* Frameworks */ = {
			isa = PBXFrameworksBuildPhase;
			buildActionMask = 0;
			files = (
			);
			runOnlyForDeploymentPostprocessing = 0;
		};
		OBJ_86 /* Frameworks */ = {
			isa = PBXFrameworksBuildPhase;
			buildActionMask = 0;
			files = (
			);
			runOnlyForDeploymentPostprocessing = 0;
		};
/* End PBXFrameworksBuildPhase section */

/* Begin PBXGroup section */
		OBJ_19 /* Tests */ = {
			isa = PBXGroup;
			children = (
				OBJ_20 /* danakeTests */,
			);
			name = Tests;
			sourceTree = SOURCE_ROOT;
		};
		OBJ_20 /* danakeTests */ = {
			isa = PBXGroup;
			children = (
				OBJ_21 /* BatchTests.swift */,
				OBJ_22 /* DatabaseTests.swift */,
				OBJ_23 /* EntityCacheTests.swift */,
				OBJ_24 /* EntityCommitDirtyTests.swift */,
				OBJ_25 /* EntityCommitNewTests.swift */,
				OBJ_26 /* EntityCommitPendingRemovalTests.swift */,
				OBJ_27 /* EntityCommitTests.swift */,
				OBJ_28 /* EntityTests.swift */,
				OBJ_29 /* InMemoryAccessorTests.swift */,
				OBJ_30 /* IntegrationTests.swift */,
				OBJ_31 /* LoggingTests.swift */,
				OBJ_32 /* ReferenceManagerTests.swift */,
				OBJ_33 /* SampleUsageTests.swift */,
				OBJ_34 /* common.swift */,
				08ED06A122F72B5B004F0B34 /* BacktraceInstallation.swift */,
			);
			name = danakeTests;
			path = Tests/danakeTests;
			sourceTree = SOURCE_ROOT;
		};
		OBJ_35 /* Dependencies */ = {
			isa = PBXGroup;
			children = (
				OBJ_36 /* swift-backtrace 1.1.0 */,
				OBJ_41 /* JSONEquality */,
				OBJ_45 /* PromiseKit 6.10.0 */,
			);
			name = Dependencies;
			sourceTree = "<group>";
		};
		OBJ_36 /* swift-backtrace 1.1.0 */ = {
			isa = PBXGroup;
			children = (
				OBJ_37 /* Backtrace */,
				OBJ_40 /* Package.swift */,
			);
			name = "swift-backtrace 1.1.0";
			sourceTree = SOURCE_ROOT;
		};
		OBJ_37 /* Backtrace */ = {
			isa = PBXGroup;
			children = (
				OBJ_38 /* Backtrace.swift */,
				OBJ_39 /* Demangle.swift */,
			);
			name = Backtrace;
			path = ".build/checkouts/swift-backtrace/Sources/Backtrace";
			sourceTree = SOURCE_ROOT;
		};
		OBJ_41 /* JSONEquality */ = {
			isa = PBXGroup;
			children = (
				OBJ_42 /* JSONEquality */,
				OBJ_44 /* Package.swift */,
			);
			name = JSONEquality;
			sourceTree = SOURCE_ROOT;
		};
		OBJ_42 /* JSONEquality */ = {
			isa = PBXGroup;
			children = (
				OBJ_43 /* JSONEquality.swift */,
			);
			name = JSONEquality;
			path = .build/checkouts/JSONEquality/Sources/JSONEquality;
			sourceTree = SOURCE_ROOT;
		};
		OBJ_45 /* PromiseKit 6.10.0 */ = {
			isa = PBXGroup;
			children = (
				OBJ_46 /* Package.swift */,
				OBJ_47 /* Box.swift */,
				OBJ_48 /* Catchable.swift */,
				OBJ_49 /* Configuration.swift */,
				OBJ_50 /* CustomStringConvertible.swift */,
				OBJ_51 /* Error.swift */,
				OBJ_52 /* Guarantee.swift */,
				OBJ_53 /* LogEvent.swift */,
				OBJ_54 /* Promise.swift */,
				OBJ_55 /* Resolver.swift */,
				OBJ_56 /* Thenable.swift */,
				OBJ_57 /* after.swift */,
				OBJ_58 /* firstly.swift */,
				OBJ_59 /* hang.swift */,
				OBJ_60 /* race.swift */,
				OBJ_61 /* when.swift */,
			);
			name = "PromiseKit 6.10.0";
			path = .build/checkouts/PromiseKit/Sources;
			sourceTree = SOURCE_ROOT;
		};
		OBJ_5 /*  */ = {
			isa = PBXGroup;
			children = (
				OBJ_6 /* Package.swift */,
				OBJ_7 /* Sources */,
				OBJ_19 /* Tests */,
				OBJ_35 /* Dependencies */,
				OBJ_62 /* Products */,
				OBJ_68 /* sourcery */,
				OBJ_69 /* LICENSE */,
				OBJ_70 /* README.md */,
				OBJ_71 /* sourcery.sh */,
			);
			name = "";
			sourceTree = "<group>";
		};
		OBJ_62 /* Products */ = {
			isa = PBXGroup;
			children = (
				"danake::danakeTests::Product" /* danakeTests.xctest */,
				"PromiseKit::PromiseKit::Product" /* PromiseKit.framework */,
				"danake::danake::Product" /* danake.framework */,
				"JSONEquality::JSONEquality::Product" /* JSONEquality.framework */,
				"swift-backtrace::Backtrace::Product" /* Backtrace.framework */,
			);
			name = Products;
			sourceTree = BUILT_PRODUCTS_DIR;
		};
		OBJ_7 /* Sources */ = {
			isa = PBXGroup;
			children = (
				OBJ_8 /* danake */,
			);
			name = Sources;
			sourceTree = SOURCE_ROOT;
		};
		OBJ_8 /* danake */ = {
			isa = PBXGroup;
			children = (
				OBJ_9 /* EntityCache.swift */,
				OBJ_10 /* InMemoryAccessor.swift */,
				OBJ_11 /* ParallelTest.swift */,
				OBJ_12 /* ReferenceManager.swift */,
				OBJ_13 /* SampleUsage.swift */,
				OBJ_14 /* batch.swift */,
				OBJ_15 /* database.swift */,
				OBJ_16 /* entity.swift */,
				OBJ_17 /* logging.swift */,
				OBJ_18 /* promise.swift */,
			);
			name = danake;
			path = Sources/danake;
			sourceTree = SOURCE_ROOT;
		};
/* End PBXGroup section */

/* Begin PBXNativeTarget section */
		"JSONEquality::JSONEquality" /* JSONEquality */ = {
			isa = PBXNativeTarget;
			buildConfigurationList = OBJ_81 /* Build configuration list for PBXNativeTarget "JSONEquality" */;
			buildPhases = (
				OBJ_84 /* Sources */,
				OBJ_86 /* Frameworks */,
			);
			buildRules = (
			);
			dependencies = (
			);
			name = JSONEquality;
			productName = JSONEquality;
			productReference = "JSONEquality::JSONEquality::Product" /* JSONEquality.framework */;
			productType = "com.apple.product-type.framework";
		};
		"JSONEquality::SwiftPMPackageDescription" /* JSONEqualityPackageDescription */ = {
			isa = PBXNativeTarget;
			buildConfigurationList = OBJ_88 /* Build configuration list for PBXNativeTarget "JSONEqualityPackageDescription" */;
			buildPhases = (
				OBJ_91 /* Sources */,
			);
			buildRules = (
			);
			dependencies = (
			);
			name = JSONEqualityPackageDescription;
			productName = JSONEqualityPackageDescription;
			productType = "com.apple.product-type.framework";
		};
		"PromiseKit::PromiseKit" /* PromiseKit */ = {
			isa = PBXNativeTarget;
			buildConfigurationList = OBJ_94 /* Build configuration list for PBXNativeTarget "PromiseKit" */;
			buildPhases = (
				OBJ_97 /* Sources */,
				OBJ_113 /* Frameworks */,
			);
			buildRules = (
			);
			dependencies = (
			);
			name = PromiseKit;
			productName = PromiseKit;
			productReference = "PromiseKit::PromiseKit::Product" /* PromiseKit.framework */;
			productType = "com.apple.product-type.framework";
		};
		"PromiseKit::SwiftPMPackageDescription" /* PromiseKitPackageDescription */ = {
			isa = PBXNativeTarget;
			buildConfigurationList = OBJ_115 /* Build configuration list for PBXNativeTarget "PromiseKitPackageDescription" */;
			buildPhases = (
				OBJ_118 /* Sources */,
			);
			buildRules = (
			);
			dependencies = (
			);
			name = PromiseKitPackageDescription;
			productName = PromiseKitPackageDescription;
			productType = "com.apple.product-type.framework";
		};
		"danake::SwiftPMPackageDescription" /* danakePackageDescription */ = {
			isa = PBXNativeTarget;
			buildConfigurationList = OBJ_141 /* Build configuration list for PBXNativeTarget "danakePackageDescription" */;
			buildPhases = (
				OBJ_144 /* Sources */,
			);
			buildRules = (
			);
			dependencies = (
			);
			name = danakePackageDescription;
			productName = danakePackageDescription;
			productType = "com.apple.product-type.framework";
		};
		"danake::danake" /* danake */ = {
			isa = PBXNativeTarget;
			buildConfigurationList = OBJ_121 /* Build configuration list for PBXNativeTarget "danake" */;
			buildPhases = (
				OBJ_124 /* Sources */,
				OBJ_135 /* Frameworks */,
			);
			buildRules = (
			);
			dependencies = (
				OBJ_138 /* PBXTargetDependency */,
				OBJ_139 /* PBXTargetDependency */,
			);
			name = danake;
			productName = danake;
			productReference = "danake::danake::Product" /* danake.framework */;
			productType = "com.apple.product-type.framework";
		};
		"danake::danakeTests" /* danakeTests */ = {
			isa = PBXNativeTarget;
			buildConfigurationList = OBJ_152 /* Build configuration list for PBXNativeTarget "danakeTests" */;
			buildPhases = (
				OBJ_155 /* Sources */,
				OBJ_170 /* Frameworks */,
			);
			buildRules = (
			);
			dependencies = (
				OBJ_175 /* PBXTargetDependency */,
				OBJ_176 /* PBXTargetDependency */,
				OBJ_177 /* PBXTargetDependency */,
				OBJ_178 /* PBXTargetDependency */,
			);
			name = danakeTests;
			productName = danakeTests;
			productReference = "danake::danakeTests::Product" /* danakeTests.xctest */;
			productType = "com.apple.product-type.bundle.unit-test";
		};
		"swift-backtrace::Backtrace" /* Backtrace */ = {
			isa = PBXNativeTarget;
			buildConfigurationList = OBJ_73 /* Build configuration list for PBXNativeTarget "Backtrace" */;
			buildPhases = (
				OBJ_76 /* Sources */,
				OBJ_79 /* Frameworks */,
			);
			buildRules = (
			);
			dependencies = (
			);
			name = Backtrace;
			productName = Backtrace;
			productReference = "swift-backtrace::Backtrace::Product" /* Backtrace.framework */;
			productType = "com.apple.product-type.framework";
		};
		"swift-backtrace::SwiftPMPackageDescription" /* swift-backtracePackageDescription */ = {
			isa = PBXNativeTarget;
			buildConfigurationList = OBJ_180 /* Build configuration list for PBXNativeTarget "swift-backtracePackageDescription" */;
			buildPhases = (
				OBJ_183 /* Sources */,
			);
			buildRules = (
			);
			dependencies = (
			);
			name = "swift-backtracePackageDescription";
			productName = "swift-backtracePackageDescription";
			productType = "com.apple.product-type.framework";
		};
/* End PBXNativeTarget section */

/* Begin PBXProject section */
		OBJ_1 /* Project object */ = {
			isa = PBXProject;
			attributes = {
				LastSwiftMigration = 9999;
				LastUpgradeCheck = 9999;
			};
			buildConfigurationList = OBJ_2 /* Build configuration list for PBXProject "danake" */;
			compatibilityVersion = "Xcode 3.2";
			developmentRegion = en;
			hasScannedForEncodings = 0;
			knownRegions = (
				en,
			);
			mainGroup = OBJ_5 /*  */;
			productRefGroup = OBJ_62 /* Products */;
			projectDirPath = "";
			projectRoot = "";
			targets = (
				"swift-backtrace::Backtrace" /* Backtrace */,
				"JSONEquality::JSONEquality" /* JSONEquality */,
				"JSONEquality::SwiftPMPackageDescription" /* JSONEqualityPackageDescription */,
				"PromiseKit::PromiseKit" /* PromiseKit */,
				"PromiseKit::SwiftPMPackageDescription" /* PromiseKitPackageDescription */,
				"danake::danake" /* danake */,
				"danake::SwiftPMPackageDescription" /* danakePackageDescription */,
				"danake::danakePackageTests::ProductTarget" /* danakePackageTests */,
				"danake::danakeTests" /* danakeTests */,
				"swift-backtrace::SwiftPMPackageDescription" /* swift-backtracePackageDescription */,
			);
		};
/* End PBXProject section */

/* Begin PBXSourcesBuildPhase section */
		OBJ_118 /* Sources */ = {
			isa = PBXSourcesBuildPhase;
			buildActionMask = 0;
			files = (
				OBJ_119 /* Package.swift in Sources */,
			);
			runOnlyForDeploymentPostprocessing = 0;
		};
		OBJ_124 /* Sources */ = {
			isa = PBXSourcesBuildPhase;
			buildActionMask = 0;
			files = (
				OBJ_125 /* EntityCache.swift in Sources */,
				OBJ_126 /* InMemoryAccessor.swift in Sources */,
				OBJ_127 /* ParallelTest.swift in Sources */,
				OBJ_128 /* ReferenceManager.swift in Sources */,
				OBJ_129 /* SampleUsage.swift in Sources */,
				OBJ_130 /* batch.swift in Sources */,
				OBJ_131 /* database.swift in Sources */,
				OBJ_132 /* entity.swift in Sources */,
				OBJ_133 /* logging.swift in Sources */,
				OBJ_134 /* promise.swift in Sources */,
			);
			runOnlyForDeploymentPostprocessing = 0;
		};
		OBJ_144 /* Sources */ = {
			isa = PBXSourcesBuildPhase;
			buildActionMask = 0;
			files = (
				OBJ_145 /* Package.swift in Sources */,
			);
			runOnlyForDeploymentPostprocessing = 0;
		};
		OBJ_155 /* Sources */ = {
			isa = PBXSourcesBuildPhase;
			buildActionMask = 0;
			files = (
				OBJ_156 /* BatchTests.swift in Sources */,
				OBJ_157 /* DatabaseTests.swift in Sources */,
				OBJ_158 /* EntityCacheTests.swift in Sources */,
				OBJ_159 /* EntityCommitDirtyTests.swift in Sources */,
				08ED06A622F72C48004F0B34 /* BacktraceInstallation.swift in Sources */,
				OBJ_160 /* EntityCommitNewTests.swift in Sources */,
				OBJ_161 /* EntityCommitPendingRemovalTests.swift in Sources */,
				OBJ_162 /* EntityCommitTests.swift in Sources */,
				OBJ_163 /* EntityTests.swift in Sources */,
				OBJ_164 /* InMemoryAccessorTests.swift in Sources */,
				OBJ_165 /* IntegrationTests.swift in Sources */,
				OBJ_166 /* LoggingTests.swift in Sources */,
				OBJ_167 /* ReferenceManagerTests.swift in Sources */,
				OBJ_168 /* SampleUsageTests.swift in Sources */,
				OBJ_169 /* common.swift in Sources */,
			);
			runOnlyForDeploymentPostprocessing = 0;
		};
		OBJ_183 /* Sources */ = {
			isa = PBXSourcesBuildPhase;
			buildActionMask = 0;
			files = (
				OBJ_184 /* Package.swift in Sources */,
			);
			runOnlyForDeploymentPostprocessing = 0;
		};
		OBJ_76 /* Sources */ = {
			isa = PBXSourcesBuildPhase;
			buildActionMask = 0;
			files = (
				OBJ_77 /* Backtrace.swift in Sources */,
				OBJ_78 /* Demangle.swift in Sources */,
			);
			runOnlyForDeploymentPostprocessing = 0;
		};
		OBJ_84 /* Sources */ = {
			isa = PBXSourcesBuildPhase;
			buildActionMask = 0;
			files = (
				OBJ_85 /* JSONEquality.swift in Sources */,
			);
			runOnlyForDeploymentPostprocessing = 0;
		};
		OBJ_91 /* Sources */ = {
			isa = PBXSourcesBuildPhase;
			buildActionMask = 0;
			files = (
				OBJ_92 /* Package.swift in Sources */,
			);
			runOnlyForDeploymentPostprocessing = 0;
		};
		OBJ_97 /* Sources */ = {
			isa = PBXSourcesBuildPhase;
			buildActionMask = 0;
			files = (
				OBJ_98 /* Box.swift in Sources */,
				OBJ_99 /* Catchable.swift in Sources */,
				OBJ_100 /* Configuration.swift in Sources */,
				OBJ_101 /* CustomStringConvertible.swift in Sources */,
				OBJ_102 /* Error.swift in Sources */,
				OBJ_103 /* Guarantee.swift in Sources */,
				OBJ_104 /* LogEvent.swift in Sources */,
				OBJ_105 /* Promise.swift in Sources */,
				OBJ_106 /* Resolver.swift in Sources */,
				OBJ_107 /* Thenable.swift in Sources */,
				OBJ_108 /* after.swift in Sources */,
				OBJ_109 /* firstly.swift in Sources */,
				OBJ_110 /* hang.swift in Sources */,
				OBJ_111 /* race.swift in Sources */,
				OBJ_112 /* when.swift in Sources */,
			);
			runOnlyForDeploymentPostprocessing = 0;
		};
/* End PBXSourcesBuildPhase section */

/* Begin PBXTargetDependency section */
		OBJ_138 /* PBXTargetDependency */ = {
			isa = PBXTargetDependency;
			target = "JSONEquality::JSONEquality" /* JSONEquality */;
			targetProxy = 08ED069B22F62C41004F0B34 /* PBXContainerItemProxy */;
		};
		OBJ_139 /* PBXTargetDependency */ = {
			isa = PBXTargetDependency;
			target = "PromiseKit::PromiseKit" /* PromiseKit */;
			targetProxy = 08ED069C22F62C41004F0B34 /* PBXContainerItemProxy */;
		};
		OBJ_150 /* PBXTargetDependency */ = {
			isa = PBXTargetDependency;
			target = "danake::danakeTests" /* danakeTests */;
			targetProxy = 08ED06A322F72B5C004F0B34 /* PBXContainerItemProxy */;
		};
		OBJ_175 /* PBXTargetDependency */ = {
			isa = PBXTargetDependency;
			target = "swift-backtrace::Backtrace" /* Backtrace */;
			targetProxy = 08ED069D22F62C41004F0B34 /* PBXContainerItemProxy */;
		};
		OBJ_176 /* PBXTargetDependency */ = {
			isa = PBXTargetDependency;
			target = "danake::danake" /* danake */;
			targetProxy = 08ED069E22F62C41004F0B34 /* PBXContainerItemProxy */;
		};
		OBJ_177 /* PBXTargetDependency */ = {
			isa = PBXTargetDependency;
			target = "JSONEquality::JSONEquality" /* JSONEquality */;
			targetProxy = 08ED069F22F62C41004F0B34 /* PBXContainerItemProxy */;
		};
		OBJ_178 /* PBXTargetDependency */ = {
			isa = PBXTargetDependency;
			target = "PromiseKit::PromiseKit" /* PromiseKit */;
			targetProxy = 08ED06A022F62C41004F0B34 /* PBXContainerItemProxy */;
		};
/* End PBXTargetDependency section */

/* Begin XCBuildConfiguration section */
		OBJ_116 /* Debug */ = {
			isa = XCBuildConfiguration;
			buildSettings = {
				LD = /usr/bin/true;
				OTHER_SWIFT_FLAGS = "-swift-version 5 -I $(TOOLCHAIN_DIR)/usr/lib/swift/pm/4_2 -target x86_64-apple-macosx10.10 -sdk /Applications/Xcode-beta.app/Contents/Developer/Platforms/MacOSX.platform/Developer/SDKs/MacOSX10.15.sdk -package-description-version 5";
				SWIFT_VERSION = 5.0;
			};
			name = Debug;
		};
		OBJ_117 /* Release */ = {
			isa = XCBuildConfiguration;
			buildSettings = {
				LD = /usr/bin/true;
				OTHER_SWIFT_FLAGS = "-swift-version 5 -I $(TOOLCHAIN_DIR)/usr/lib/swift/pm/4_2 -target x86_64-apple-macosx10.10 -sdk /Applications/Xcode-beta.app/Contents/Developer/Platforms/MacOSX.platform/Developer/SDKs/MacOSX10.15.sdk -package-description-version 5";
				SWIFT_VERSION = 5.0;
			};
			name = Release;
		};
		OBJ_122 /* Debug */ = {
			isa = XCBuildConfiguration;
			buildSettings = {
				ENABLE_TESTABILITY = YES;
				FRAMEWORK_SEARCH_PATHS = (
					"$(inherited)",
					"$(PLATFORM_DIR)/Developer/Library/Frameworks",
				);
				HEADER_SEARCH_PATHS = "$(inherited)";
				INFOPLIST_FILE = danake.xcodeproj/danake_Info.plist;
				LD_RUNPATH_SEARCH_PATHS = "$(inherited) $(TOOLCHAIN_DIR)/usr/lib/swift/macosx";
				OTHER_CFLAGS = "$(inherited)";
				OTHER_LDFLAGS = "$(inherited)";
				OTHER_SWIFT_FLAGS = "$(inherited)";
				PRODUCT_BUNDLE_IDENTIFIER = danake;
				PRODUCT_MODULE_NAME = "$(TARGET_NAME:c99extidentifier)";
				PRODUCT_NAME = "$(TARGET_NAME:c99extidentifier)";
				SKIP_INSTALL = YES;
				SWIFT_ACTIVE_COMPILATION_CONDITIONS = "$(inherited)";
				SWIFT_VERSION = 4.0;
				TARGET_NAME = danake;
			};
			name = Debug;
		};
		OBJ_123 /* Release */ = {
			isa = XCBuildConfiguration;
			buildSettings = {
				ENABLE_TESTABILITY = YES;
				FRAMEWORK_SEARCH_PATHS = (
					"$(inherited)",
					"$(PLATFORM_DIR)/Developer/Library/Frameworks",
				);
				HEADER_SEARCH_PATHS = "$(inherited)";
				INFOPLIST_FILE = danake.xcodeproj/danake_Info.plist;
				LD_RUNPATH_SEARCH_PATHS = "$(inherited) $(TOOLCHAIN_DIR)/usr/lib/swift/macosx";
				OTHER_CFLAGS = "$(inherited)";
				OTHER_LDFLAGS = "$(inherited)";
				OTHER_SWIFT_FLAGS = "$(inherited)";
				PRODUCT_BUNDLE_IDENTIFIER = danake;
				PRODUCT_MODULE_NAME = "$(TARGET_NAME:c99extidentifier)";
				PRODUCT_NAME = "$(TARGET_NAME:c99extidentifier)";
				SKIP_INSTALL = YES;
				SWIFT_ACTIVE_COMPILATION_CONDITIONS = "$(inherited)";
				SWIFT_VERSION = 4.0;
				TARGET_NAME = danake;
			};
			name = Release;
		};
		OBJ_142 /* Debug */ = {
			isa = XCBuildConfiguration;
			buildSettings = {
				LD = /usr/bin/true;
				OTHER_SWIFT_FLAGS = "-swift-version 4 -I $(TOOLCHAIN_DIR)/usr/lib/swift/pm/4 -target x86_64-apple-macosx10.10 -sdk /Applications/Xcode-beta.app/Contents/Developer/Platforms/MacOSX.platform/Developer/SDKs/MacOSX10.15.sdk -package-description-version 4";
				SWIFT_VERSION = 4.0;
			};
			name = Debug;
		};
		OBJ_143 /* Release */ = {
			isa = XCBuildConfiguration;
			buildSettings = {
				LD = /usr/bin/true;
				OTHER_SWIFT_FLAGS = "-swift-version 4 -I $(TOOLCHAIN_DIR)/usr/lib/swift/pm/4 -target x86_64-apple-macosx10.10 -sdk /Applications/Xcode-beta.app/Contents/Developer/Platforms/MacOSX.platform/Developer/SDKs/MacOSX10.15.sdk -package-description-version 4";
				SWIFT_VERSION = 4.0;
			};
			name = Release;
		};
		OBJ_148 /* Debug */ = {
			isa = XCBuildConfiguration;
			buildSettings = {
			};
			name = Debug;
		};
		OBJ_149 /* Release */ = {
			isa = XCBuildConfiguration;
			buildSettings = {
			};
			name = Release;
		};
		OBJ_153 /* Debug */ = {
			isa = XCBuildConfiguration;
			buildSettings = {
				CLANG_ENABLE_MODULES = YES;
				EMBEDDED_CONTENT_CONTAINS_SWIFT = YES;
				FRAMEWORK_SEARCH_PATHS = (
					"$(inherited)",
					"$(PLATFORM_DIR)/Developer/Library/Frameworks",
				);
				HEADER_SEARCH_PATHS = "$(inherited)";
				INFOPLIST_FILE = danake.xcodeproj/danakeTests_Info.plist;
				LD_RUNPATH_SEARCH_PATHS = "$(inherited) @loader_path/../Frameworks @loader_path/Frameworks";
				OTHER_CFLAGS = "$(inherited)";
				OTHER_LDFLAGS = "$(inherited)";
				OTHER_SWIFT_FLAGS = "$(inherited)";
				SWIFT_ACTIVE_COMPILATION_CONDITIONS = "$(inherited)";
				SWIFT_VERSION = 4.0;
				TARGET_NAME = danakeTests;
			};
			name = Debug;
		};
		OBJ_154 /* Release */ = {
			isa = XCBuildConfiguration;
			buildSettings = {
				CLANG_ENABLE_MODULES = YES;
				EMBEDDED_CONTENT_CONTAINS_SWIFT = YES;
				FRAMEWORK_SEARCH_PATHS = (
					"$(inherited)",
					"$(PLATFORM_DIR)/Developer/Library/Frameworks",
				);
				HEADER_SEARCH_PATHS = "$(inherited)";
				INFOPLIST_FILE = danake.xcodeproj/danakeTests_Info.plist;
				LD_RUNPATH_SEARCH_PATHS = "$(inherited) @loader_path/../Frameworks @loader_path/Frameworks";
				OTHER_CFLAGS = "$(inherited)";
				OTHER_LDFLAGS = "$(inherited)";
				OTHER_SWIFT_FLAGS = "$(inherited)";
				SWIFT_ACTIVE_COMPILATION_CONDITIONS = "$(inherited)";
				SWIFT_VERSION = 4.0;
				TARGET_NAME = danakeTests;
			};
			name = Release;
		};
		OBJ_181 /* Debug */ = {
			isa = XCBuildConfiguration;
			buildSettings = {
				LD = /usr/bin/true;
				OTHER_SWIFT_FLAGS = "-swift-version 5 -I $(TOOLCHAIN_DIR)/usr/lib/swift/pm/4_2 -target x86_64-apple-macosx10.10 -sdk /Applications/Xcode-beta.app/Contents/Developer/Platforms/MacOSX.platform/Developer/SDKs/MacOSX10.15.sdk -package-description-version 5";
				SWIFT_VERSION = 5.0;
			};
			name = Debug;
		};
		OBJ_182 /* Release */ = {
			isa = XCBuildConfiguration;
			buildSettings = {
				LD = /usr/bin/true;
				OTHER_SWIFT_FLAGS = "-swift-version 5 -I $(TOOLCHAIN_DIR)/usr/lib/swift/pm/4_2 -target x86_64-apple-macosx10.10 -sdk /Applications/Xcode-beta.app/Contents/Developer/Platforms/MacOSX.platform/Developer/SDKs/MacOSX10.15.sdk -package-description-version 5";
				SWIFT_VERSION = 5.0;
			};
			name = Release;
		};
		OBJ_3 /* Debug */ = {
			isa = XCBuildConfiguration;
			buildSettings = {
				CLANG_ENABLE_OBJC_ARC = YES;
				COMBINE_HIDPI_IMAGES = YES;
				COPY_PHASE_STRIP = NO;
				DEBUG_INFORMATION_FORMAT = dwarf;
				DYLIB_INSTALL_NAME_BASE = "@rpath";
				ENABLE_NS_ASSERTIONS = YES;
				GCC_OPTIMIZATION_LEVEL = 0;
				GCC_PREPROCESSOR_DEFINITIONS = (
					"$(inherited)",
					"SWIFT_PACKAGE=1",
					"DEBUG=1",
				);
				MACOSX_DEPLOYMENT_TARGET = 10.10;
				ONLY_ACTIVE_ARCH = YES;
				OTHER_SWIFT_FLAGS = "-DXcode";
				PRODUCT_NAME = "$(TARGET_NAME)";
				SDKROOT = macosx;
				SUPPORTED_PLATFORMS = "macosx iphoneos iphonesimulator appletvos appletvsimulator watchos watchsimulator";
				SWIFT_ACTIVE_COMPILATION_CONDITIONS = "$(inherited) SWIFT_PACKAGE DEBUG";
				SWIFT_OPTIMIZATION_LEVEL = "-Onone";
				USE_HEADERMAP = NO;
			};
			name = Debug;
		};
		OBJ_4 /* Release */ = {
			isa = XCBuildConfiguration;
			buildSettings = {
				CLANG_ENABLE_OBJC_ARC = YES;
				COMBINE_HIDPI_IMAGES = YES;
				COPY_PHASE_STRIP = YES;
				DEBUG_INFORMATION_FORMAT = "dwarf-with-dsym";
				DYLIB_INSTALL_NAME_BASE = "@rpath";
				GCC_OPTIMIZATION_LEVEL = s;
				GCC_PREPROCESSOR_DEFINITIONS = (
					"$(inherited)",
					"SWIFT_PACKAGE=1",
				);
				MACOSX_DEPLOYMENT_TARGET = 10.10;
				OTHER_SWIFT_FLAGS = "-DXcode";
				PRODUCT_NAME = "$(TARGET_NAME)";
				SDKROOT = macosx;
				SUPPORTED_PLATFORMS = "macosx iphoneos iphonesimulator appletvos appletvsimulator watchos watchsimulator";
				SWIFT_ACTIVE_COMPILATION_CONDITIONS = "$(inherited) SWIFT_PACKAGE";
				SWIFT_OPTIMIZATION_LEVEL = "-Owholemodule";
				USE_HEADERMAP = NO;
			};
			name = Release;
		};
		OBJ_74 /* Debug */ = {
			isa = XCBuildConfiguration;
			buildSettings = {
				ENABLE_TESTABILITY = YES;
				FRAMEWORK_SEARCH_PATHS = (
					"$(inherited)",
					"$(PLATFORM_DIR)/Developer/Library/Frameworks",
				);
				HEADER_SEARCH_PATHS = "$(inherited)";
				INFOPLIST_FILE = danake.xcodeproj/Backtrace_Info.plist;
				IPHONEOS_DEPLOYMENT_TARGET = 8.0;
				LD_RUNPATH_SEARCH_PATHS = "$(inherited) $(TOOLCHAIN_DIR)/usr/lib/swift/macosx";
				MACOSX_DEPLOYMENT_TARGET = 10.10;
				OTHER_CFLAGS = "$(inherited)";
				OTHER_LDFLAGS = "$(inherited)";
				OTHER_SWIFT_FLAGS = "$(inherited)";
				PRODUCT_BUNDLE_IDENTIFIER = Backtrace;
				PRODUCT_MODULE_NAME = "$(TARGET_NAME:c99extidentifier)";
				PRODUCT_NAME = "$(TARGET_NAME:c99extidentifier)";
				SKIP_INSTALL = YES;
				SWIFT_ACTIVE_COMPILATION_CONDITIONS = "$(inherited)";
				SWIFT_VERSION = 5.0;
				TARGET_NAME = Backtrace;
				TVOS_DEPLOYMENT_TARGET = 9.0;
				WATCHOS_DEPLOYMENT_TARGET = 2.0;
			};
			name = Debug;
		};
		OBJ_75 /* Release */ = {
			isa = XCBuildConfiguration;
			buildSettings = {
				ENABLE_TESTABILITY = YES;
				FRAMEWORK_SEARCH_PATHS = (
					"$(inherited)",
					"$(PLATFORM_DIR)/Developer/Library/Frameworks",
				);
				HEADER_SEARCH_PATHS = "$(inherited)";
				INFOPLIST_FILE = danake.xcodeproj/Backtrace_Info.plist;
				IPHONEOS_DEPLOYMENT_TARGET = 8.0;
				LD_RUNPATH_SEARCH_PATHS = "$(inherited) $(TOOLCHAIN_DIR)/usr/lib/swift/macosx";
				MACOSX_DEPLOYMENT_TARGET = 10.10;
				OTHER_CFLAGS = "$(inherited)";
				OTHER_LDFLAGS = "$(inherited)";
				OTHER_SWIFT_FLAGS = "$(inherited)";
				PRODUCT_BUNDLE_IDENTIFIER = Backtrace;
				PRODUCT_MODULE_NAME = "$(TARGET_NAME:c99extidentifier)";
				PRODUCT_NAME = "$(TARGET_NAME:c99extidentifier)";
				SKIP_INSTALL = YES;
				SWIFT_ACTIVE_COMPILATION_CONDITIONS = "$(inherited)";
				SWIFT_VERSION = 5.0;
				TARGET_NAME = Backtrace;
				TVOS_DEPLOYMENT_TARGET = 9.0;
				WATCHOS_DEPLOYMENT_TARGET = 2.0;
			};
			name = Release;
		};
		OBJ_82 /* Debug */ = {
			isa = XCBuildConfiguration;
			buildSettings = {
				ENABLE_TESTABILITY = YES;
				FRAMEWORK_SEARCH_PATHS = (
					"$(inherited)",
					"$(PLATFORM_DIR)/Developer/Library/Frameworks",
				);
				HEADER_SEARCH_PATHS = "$(inherited)";
				INFOPLIST_FILE = danake.xcodeproj/JSONEquality_Info.plist;
				LD_RUNPATH_SEARCH_PATHS = "$(inherited) $(TOOLCHAIN_DIR)/usr/lib/swift/macosx";
				OTHER_CFLAGS = "$(inherited)";
				OTHER_LDFLAGS = "$(inherited)";
				OTHER_SWIFT_FLAGS = "$(inherited)";
				PRODUCT_BUNDLE_IDENTIFIER = JSONEquality;
				PRODUCT_MODULE_NAME = "$(TARGET_NAME:c99extidentifier)";
				PRODUCT_NAME = "$(TARGET_NAME:c99extidentifier)";
				SKIP_INSTALL = YES;
				SWIFT_ACTIVE_COMPILATION_CONDITIONS = "$(inherited)";
				SWIFT_VERSION = 4.2;
				TARGET_NAME = JSONEquality;
			};
			name = Debug;
		};
		OBJ_83 /* Release */ = {
			isa = XCBuildConfiguration;
			buildSettings = {
				ENABLE_TESTABILITY = YES;
				FRAMEWORK_SEARCH_PATHS = (
					"$(inherited)",
					"$(PLATFORM_DIR)/Developer/Library/Frameworks",
				);
				HEADER_SEARCH_PATHS = "$(inherited)";
				INFOPLIST_FILE = danake.xcodeproj/JSONEquality_Info.plist;
				LD_RUNPATH_SEARCH_PATHS = "$(inherited) $(TOOLCHAIN_DIR)/usr/lib/swift/macosx";
				OTHER_CFLAGS = "$(inherited)";
				OTHER_LDFLAGS = "$(inherited)";
				OTHER_SWIFT_FLAGS = "$(inherited)";
				PRODUCT_BUNDLE_IDENTIFIER = JSONEquality;
				PRODUCT_MODULE_NAME = "$(TARGET_NAME:c99extidentifier)";
				PRODUCT_NAME = "$(TARGET_NAME:c99extidentifier)";
				SKIP_INSTALL = YES;
				SWIFT_ACTIVE_COMPILATION_CONDITIONS = "$(inherited)";
				SWIFT_VERSION = 4.2;
				TARGET_NAME = JSONEquality;
			};
			name = Release;
		};
		OBJ_89 /* Debug */ = {
			isa = XCBuildConfiguration;
			buildSettings = {
				LD = /usr/bin/true;
				OTHER_SWIFT_FLAGS = "-swift-version 4.2 -I $(TOOLCHAIN_DIR)/usr/lib/swift/pm/4_2 -target x86_64-apple-macosx10.10 -sdk /Applications/Xcode-beta.app/Contents/Developer/Platforms/MacOSX.platform/Developer/SDKs/MacOSX10.15.sdk -package-description-version 4.2";
				SWIFT_VERSION = 4.2;
			};
			name = Debug;
		};
		OBJ_90 /* Release */ = {
			isa = XCBuildConfiguration;
			buildSettings = {
				LD = /usr/bin/true;
				OTHER_SWIFT_FLAGS = "-swift-version 4.2 -I $(TOOLCHAIN_DIR)/usr/lib/swift/pm/4_2 -target x86_64-apple-macosx10.10 -sdk /Applications/Xcode-beta.app/Contents/Developer/Platforms/MacOSX.platform/Developer/SDKs/MacOSX10.15.sdk -package-description-version 4.2";
				SWIFT_VERSION = 4.2;
			};
			name = Release;
		};
		OBJ_95 /* Debug */ = {
			isa = XCBuildConfiguration;
			buildSettings = {
				ENABLE_TESTABILITY = YES;
				FRAMEWORK_SEARCH_PATHS = (
					"$(inherited)",
					"$(PLATFORM_DIR)/Developer/Library/Frameworks",
				);
				HEADER_SEARCH_PATHS = "$(inherited)";
				INFOPLIST_FILE = danake.xcodeproj/PromiseKit_Info.plist;
				IPHONEOS_DEPLOYMENT_TARGET = 8.0;
				LD_RUNPATH_SEARCH_PATHS = "$(inherited) $(TOOLCHAIN_DIR)/usr/lib/swift/macosx";
				MACOSX_DEPLOYMENT_TARGET = 10.10;
				OTHER_CFLAGS = "$(inherited)";
				OTHER_LDFLAGS = "$(inherited)";
				OTHER_SWIFT_FLAGS = "$(inherited)";
				PRODUCT_BUNDLE_IDENTIFIER = PromiseKit;
				PRODUCT_MODULE_NAME = "$(TARGET_NAME:c99extidentifier)";
				PRODUCT_NAME = "$(TARGET_NAME:c99extidentifier)";
				SKIP_INSTALL = YES;
				SWIFT_ACTIVE_COMPILATION_CONDITIONS = "$(inherited)";
				SWIFT_VERSION = 5.0;
				TARGET_NAME = PromiseKit;
				TVOS_DEPLOYMENT_TARGET = 9.0;
				WATCHOS_DEPLOYMENT_TARGET = 2.0;
			};
			name = Debug;
		};
		OBJ_96 /* Release */ = {
			isa = XCBuildConfiguration;
			buildSettings = {
				ENABLE_TESTABILITY = YES;
				FRAMEWORK_SEARCH_PATHS = (
					"$(inherited)",
					"$(PLATFORM_DIR)/Developer/Library/Frameworks",
				);
				HEADER_SEARCH_PATHS = "$(inherited)";
				INFOPLIST_FILE = danake.xcodeproj/PromiseKit_Info.plist;
				IPHONEOS_DEPLOYMENT_TARGET = 8.0;
				LD_RUNPATH_SEARCH_PATHS = "$(inherited) $(TOOLCHAIN_DIR)/usr/lib/swift/macosx";
				MACOSX_DEPLOYMENT_TARGET = 10.10;
				OTHER_CFLAGS = "$(inherited)";
				OTHER_LDFLAGS = "$(inherited)";
				OTHER_SWIFT_FLAGS = "$(inherited)";
				PRODUCT_BUNDLE_IDENTIFIER = PromiseKit;
				PRODUCT_MODULE_NAME = "$(TARGET_NAME:c99extidentifier)";
				PRODUCT_NAME = "$(TARGET_NAME:c99extidentifier)";
				SKIP_INSTALL = YES;
				SWIFT_ACTIVE_COMPILATION_CONDITIONS = "$(inherited)";
				SWIFT_VERSION = 5.0;
				TARGET_NAME = PromiseKit;
				TVOS_DEPLOYMENT_TARGET = 9.0;
				WATCHOS_DEPLOYMENT_TARGET = 2.0;
			};
			name = Release;
		};
/* End XCBuildConfiguration section */

/* Begin XCConfigurationList section */
		OBJ_115 /* Build configuration list for PBXNativeTarget "PromiseKitPackageDescription" */ = {
			isa = XCConfigurationList;
			buildConfigurations = (
				OBJ_116 /* Debug */,
				OBJ_117 /* Release */,
			);
			defaultConfigurationIsVisible = 0;
			defaultConfigurationName = Release;
		};
		OBJ_121 /* Build configuration list for PBXNativeTarget "danake" */ = {
			isa = XCConfigurationList;
			buildConfigurations = (
				OBJ_122 /* Debug */,
				OBJ_123 /* Release */,
			);
			defaultConfigurationIsVisible = 0;
			defaultConfigurationName = Release;
		};
		OBJ_141 /* Build configuration list for PBXNativeTarget "danakePackageDescription" */ = {
			isa = XCConfigurationList;
			buildConfigurations = (
				OBJ_142 /* Debug */,
				OBJ_143 /* Release */,
			);
			defaultConfigurationIsVisible = 0;
			defaultConfigurationName = Release;
		};
		OBJ_147 /* Build configuration list for PBXAggregateTarget "danakePackageTests" */ = {
			isa = XCConfigurationList;
			buildConfigurations = (
				OBJ_148 /* Debug */,
				OBJ_149 /* Release */,
			);
			defaultConfigurationIsVisible = 0;
			defaultConfigurationName = Release;
		};
		OBJ_152 /* Build configuration list for PBXNativeTarget "danakeTests" */ = {
			isa = XCConfigurationList;
			buildConfigurations = (
				OBJ_153 /* Debug */,
				OBJ_154 /* Release */,
			);
			defaultConfigurationIsVisible = 0;
			defaultConfigurationName = Release;
		};
		OBJ_180 /* Build configuration list for PBXNativeTarget "swift-backtracePackageDescription" */ = {
			isa = XCConfigurationList;
			buildConfigurations = (
				OBJ_181 /* Debug */,
				OBJ_182 /* Release */,
			);
			defaultConfigurationIsVisible = 0;
			defaultConfigurationName = Release;
		};
		OBJ_2 /* Build configuration list for PBXProject "danake" */ = {
			isa = XCConfigurationList;
			buildConfigurations = (
				OBJ_3 /* Debug */,
				OBJ_4 /* Release */,
			);
			defaultConfigurationIsVisible = 0;
			defaultConfigurationName = Release;
		};
		OBJ_73 /* Build configuration list for PBXNativeTarget "Backtrace" */ = {
			isa = XCConfigurationList;
			buildConfigurations = (
				OBJ_74 /* Debug */,
				OBJ_75 /* Release */,
			);
			defaultConfigurationIsVisible = 0;
			defaultConfigurationName = Release;
		};
		OBJ_81 /* Build configuration list for PBXNativeTarget "JSONEquality" */ = {
			isa = XCConfigurationList;
			buildConfigurations = (
				OBJ_82 /* Debug */,
				OBJ_83 /* Release */,
			);
			defaultConfigurationIsVisible = 0;
			defaultConfigurationName = Release;
		};
		OBJ_88 /* Build configuration list for PBXNativeTarget "JSONEqualityPackageDescription" */ = {
			isa = XCConfigurationList;
			buildConfigurations = (
				OBJ_89 /* Debug */,
				OBJ_90 /* Release */,
			);
			defaultConfigurationIsVisible = 0;
			defaultConfigurationName = Release;
		};
		OBJ_94 /* Build configuration list for PBXNativeTarget "PromiseKit" */ = {
			isa = XCConfigurationList;
			buildConfigurations = (
				OBJ_95 /* Debug */,
				OBJ_96 /* Release */,
			);
			defaultConfigurationIsVisible = 0;
			defaultConfigurationName = Release;
		};
/* End XCConfigurationList section */
	};
	rootObject = OBJ_1 /* Project object */;
}
