// !$*UTF8*$!
{
	archiveVersion = 1;
	classes = {
	};
	objectVersion = 46;
	objects = {

/* Begin PBXAggregateTarget section */
		"danake::danakePackageTests::ProductTarget" /* danakePackageTests */ = {
			isa = PBXAggregateTarget;
			buildConfigurationList = OBJ_106 /* Build configuration list for PBXAggregateTarget "danakePackageTests" */;
			buildPhases = (
			);
			dependencies = (
				OBJ_109 /* PBXTargetDependency */,
			);
			name = danakePackageTests;
			productName = danakePackageTests;
		};
/* End PBXAggregateTarget section */

/* Begin PBXBuildFile section */
		0859B4F821AEA3EE007AD389 /* promise.swift in Sources */ = {isa = PBXBuildFile; fileRef = 0859B4F721AEA3EE007AD389 /* promise.swift */; };
		OBJ_104 /* Package.swift in Sources */ = {isa = PBXBuildFile; fileRef = OBJ_6 /* Package.swift */; };
		OBJ_115 /* BatchTests.swift in Sources */ = {isa = PBXBuildFile; fileRef = OBJ_20 /* BatchTests.swift */; };
		OBJ_116 /* DatabaseTests.swift in Sources */ = {isa = PBXBuildFile; fileRef = OBJ_21 /* DatabaseTests.swift */; };
		OBJ_117 /* EntityCacheTests.swift in Sources */ = {isa = PBXBuildFile; fileRef = OBJ_22 /* EntityCacheTests.swift */; };
		OBJ_118 /* EntityCommitDirtyTests.swift in Sources */ = {isa = PBXBuildFile; fileRef = OBJ_23 /* EntityCommitDirtyTests.swift */; };
		OBJ_119 /* EntityCommitNewTests.swift in Sources */ = {isa = PBXBuildFile; fileRef = OBJ_24 /* EntityCommitNewTests.swift */; };
		OBJ_120 /* EntityCommitPendingRemovalTests.swift in Sources */ = {isa = PBXBuildFile; fileRef = OBJ_25 /* EntityCommitPendingRemovalTests.swift */; };
		OBJ_121 /* EntityCommitTests.swift in Sources */ = {isa = PBXBuildFile; fileRef = OBJ_26 /* EntityCommitTests.swift */; };
		OBJ_122 /* EntityTests.swift in Sources */ = {isa = PBXBuildFile; fileRef = OBJ_27 /* EntityTests.swift */; };
		OBJ_123 /* InMemoryAccessorTests.swift in Sources */ = {isa = PBXBuildFile; fileRef = OBJ_28 /* InMemoryAccessorTests.swift */; };
		OBJ_124 /* IntegrationTests.swift in Sources */ = {isa = PBXBuildFile; fileRef = OBJ_29 /* IntegrationTests.swift */; };
		OBJ_125 /* LoggingTests.swift in Sources */ = {isa = PBXBuildFile; fileRef = OBJ_30 /* LoggingTests.swift */; };
		OBJ_126 /* ReferenceManagerTests.swift in Sources */ = {isa = PBXBuildFile; fileRef = OBJ_31 /* ReferenceManagerTests.swift */; };
		OBJ_127 /* SampleUsageTests.swift in Sources */ = {isa = PBXBuildFile; fileRef = OBJ_32 /* SampleUsageTests.swift */; };
		OBJ_128 /* common.swift in Sources */ = {isa = PBXBuildFile; fileRef = OBJ_33 /* common.swift */; };
		OBJ_130 /* danake.framework in Frameworks */ = {isa = PBXBuildFile; fileRef = "danake::danake::Product" /* danake.framework */; };
		OBJ_131 /* PromiseKit.framework in Frameworks */ = {isa = PBXBuildFile; fileRef = "PromiseKit::PromiseKit::Product" /* PromiseKit.framework */; };
		OBJ_61 /* Box.swift in Sources */ = {isa = PBXBuildFile; fileRef = OBJ_38 /* Box.swift */; };
		OBJ_62 /* Catchable.swift in Sources */ = {isa = PBXBuildFile; fileRef = OBJ_39 /* Catchable.swift */; };
		OBJ_63 /* Configuration.swift in Sources */ = {isa = PBXBuildFile; fileRef = OBJ_40 /* Configuration.swift */; };
		OBJ_64 /* CustomStringConvertible.swift in Sources */ = {isa = PBXBuildFile; fileRef = OBJ_41 /* CustomStringConvertible.swift */; };
		OBJ_65 /* Error.swift in Sources */ = {isa = PBXBuildFile; fileRef = OBJ_42 /* Error.swift */; };
		OBJ_66 /* Guarantee.swift in Sources */ = {isa = PBXBuildFile; fileRef = OBJ_43 /* Guarantee.swift */; };
		OBJ_67 /* Promise.swift in Sources */ = {isa = PBXBuildFile; fileRef = OBJ_44 /* Promise.swift */; };
		OBJ_68 /* Resolver.swift in Sources */ = {isa = PBXBuildFile; fileRef = OBJ_45 /* Resolver.swift */; };
		OBJ_69 /* Thenable.swift in Sources */ = {isa = PBXBuildFile; fileRef = OBJ_46 /* Thenable.swift */; };
		OBJ_70 /* after.swift in Sources */ = {isa = PBXBuildFile; fileRef = OBJ_47 /* after.swift */; };
		OBJ_71 /* firstly.swift in Sources */ = {isa = PBXBuildFile; fileRef = OBJ_48 /* firstly.swift */; };
		OBJ_72 /* hang.swift in Sources */ = {isa = PBXBuildFile; fileRef = OBJ_49 /* hang.swift */; };
		OBJ_73 /* race.swift in Sources */ = {isa = PBXBuildFile; fileRef = OBJ_50 /* race.swift */; };
		OBJ_74 /* when.swift in Sources */ = {isa = PBXBuildFile; fileRef = OBJ_51 /* when.swift */; };
		OBJ_81 /* Package.swift in Sources */ = {isa = PBXBuildFile; fileRef = OBJ_37 /* Package.swift */; };
		OBJ_87 /* EntityCache.swift in Sources */ = {isa = PBXBuildFile; fileRef = OBJ_9 /* EntityCache.swift */; };
		OBJ_88 /* InMemoryAccessor.swift in Sources */ = {isa = PBXBuildFile; fileRef = OBJ_10 /* InMemoryAccessor.swift */; };
		OBJ_89 /* ParallelTest.swift in Sources */ = {isa = PBXBuildFile; fileRef = OBJ_11 /* ParallelTest.swift */; };
		OBJ_90 /* ReferenceManager.swift in Sources */ = {isa = PBXBuildFile; fileRef = OBJ_12 /* ReferenceManager.swift */; };
		OBJ_91 /* SampleUsage.swift in Sources */ = {isa = PBXBuildFile; fileRef = OBJ_13 /* SampleUsage.swift */; };
		OBJ_92 /* batch.swift in Sources */ = {isa = PBXBuildFile; fileRef = OBJ_14 /* batch.swift */; };
		OBJ_93 /* database.swift in Sources */ = {isa = PBXBuildFile; fileRef = OBJ_15 /* database.swift */; };
		OBJ_94 /* entity.swift in Sources */ = {isa = PBXBuildFile; fileRef = OBJ_16 /* entity.swift */; };
		OBJ_95 /* logging.swift in Sources */ = {isa = PBXBuildFile; fileRef = OBJ_17 /* logging.swift */; };
		OBJ_97 /* PromiseKit.framework in Frameworks */ = {isa = PBXBuildFile; fileRef = "PromiseKit::PromiseKit::Product" /* PromiseKit.framework */; };
/* End PBXBuildFile section */

/* Begin PBXContainerItemProxy section */
		08D6DC4121A9DC5000C16564 /* PBXContainerItemProxy */ = {
			isa = PBXContainerItemProxy;
			containerPortal = OBJ_1 /* Project object */;
			proxyType = 1;
			remoteGlobalIDString = "PromiseKit::PromiseKit";
			remoteInfo = PromiseKit;
		};
		08D6DC4221A9DC5000C16564 /* PBXContainerItemProxy */ = {
			isa = PBXContainerItemProxy;
			containerPortal = OBJ_1 /* Project object */;
			proxyType = 1;
			remoteGlobalIDString = "danake::danake";
			remoteInfo = danake;
		};
		08D6DC4321A9DC5000C16564 /* PBXContainerItemProxy */ = {
			isa = PBXContainerItemProxy;
			containerPortal = OBJ_1 /* Project object */;
			proxyType = 1;
			remoteGlobalIDString = "PromiseKit::PromiseKit";
			remoteInfo = PromiseKit;
		};
		08D6DC4421A9DC5100C16564 /* PBXContainerItemProxy */ = {
			isa = PBXContainerItemProxy;
			containerPortal = OBJ_1 /* Project object */;
			proxyType = 1;
			remoteGlobalIDString = "danake::danakeTests";
			remoteInfo = danakeTests;
		};
/* End PBXContainerItemProxy section */

/* Begin PBXFileReference section */
		0859B4F721AEA3EE007AD389 /* promise.swift */ = {isa = PBXFileReference; lastKnownFileType = sourcecode.swift; path = promise.swift; sourceTree = "<group>"; };
		OBJ_10 /* InMemoryAccessor.swift */ = {isa = PBXFileReference; lastKnownFileType = sourcecode.swift; path = InMemoryAccessor.swift; sourceTree = "<group>"; };
		OBJ_11 /* ParallelTest.swift */ = {isa = PBXFileReference; lastKnownFileType = sourcecode.swift; path = ParallelTest.swift; sourceTree = "<group>"; };
		OBJ_12 /* ReferenceManager.swift */ = {isa = PBXFileReference; lastKnownFileType = sourcecode.swift; path = ReferenceManager.swift; sourceTree = "<group>"; };
		OBJ_13 /* SampleUsage.swift */ = {isa = PBXFileReference; lastKnownFileType = sourcecode.swift; path = SampleUsage.swift; sourceTree = "<group>"; };
		OBJ_14 /* batch.swift */ = {isa = PBXFileReference; lastKnownFileType = sourcecode.swift; path = batch.swift; sourceTree = "<group>"; };
		OBJ_15 /* database.swift */ = {isa = PBXFileReference; lastKnownFileType = sourcecode.swift; path = database.swift; sourceTree = "<group>"; };
		OBJ_16 /* entity.swift */ = {isa = PBXFileReference; lastKnownFileType = sourcecode.swift; path = entity.swift; sourceTree = "<group>"; };
		OBJ_17 /* logging.swift */ = {isa = PBXFileReference; lastKnownFileType = sourcecode.swift; path = logging.swift; sourceTree = "<group>"; };
		OBJ_20 /* BatchTests.swift */ = {isa = PBXFileReference; lastKnownFileType = sourcecode.swift; path = BatchTests.swift; sourceTree = "<group>"; };
		OBJ_21 /* DatabaseTests.swift */ = {isa = PBXFileReference; lastKnownFileType = sourcecode.swift; path = DatabaseTests.swift; sourceTree = "<group>"; };
		OBJ_22 /* EntityCacheTests.swift */ = {isa = PBXFileReference; lastKnownFileType = sourcecode.swift; path = EntityCacheTests.swift; sourceTree = "<group>"; };
		OBJ_23 /* EntityCommitDirtyTests.swift */ = {isa = PBXFileReference; lastKnownFileType = sourcecode.swift; path = EntityCommitDirtyTests.swift; sourceTree = "<group>"; };
		OBJ_24 /* EntityCommitNewTests.swift */ = {isa = PBXFileReference; lastKnownFileType = sourcecode.swift; path = EntityCommitNewTests.swift; sourceTree = "<group>"; };
		OBJ_25 /* EntityCommitPendingRemovalTests.swift */ = {isa = PBXFileReference; lastKnownFileType = sourcecode.swift; path = EntityCommitPendingRemovalTests.swift; sourceTree = "<group>"; };
		OBJ_26 /* EntityCommitTests.swift */ = {isa = PBXFileReference; lastKnownFileType = sourcecode.swift; path = EntityCommitTests.swift; sourceTree = "<group>"; };
		OBJ_27 /* EntityTests.swift */ = {isa = PBXFileReference; lastKnownFileType = sourcecode.swift; path = EntityTests.swift; sourceTree = "<group>"; };
		OBJ_28 /* InMemoryAccessorTests.swift */ = {isa = PBXFileReference; lastKnownFileType = sourcecode.swift; path = InMemoryAccessorTests.swift; sourceTree = "<group>"; };
		OBJ_29 /* IntegrationTests.swift */ = {isa = PBXFileReference; lastKnownFileType = sourcecode.swift; path = IntegrationTests.swift; sourceTree = "<group>"; };
		OBJ_30 /* LoggingTests.swift */ = {isa = PBXFileReference; lastKnownFileType = sourcecode.swift; path = LoggingTests.swift; sourceTree = "<group>"; };
		OBJ_31 /* ReferenceManagerTests.swift */ = {isa = PBXFileReference; lastKnownFileType = sourcecode.swift; path = ReferenceManagerTests.swift; sourceTree = "<group>"; };
		OBJ_32 /* SampleUsageTests.swift */ = {isa = PBXFileReference; lastKnownFileType = sourcecode.swift; path = SampleUsageTests.swift; sourceTree = "<group>"; };
		OBJ_33 /* common.swift */ = {isa = PBXFileReference; lastKnownFileType = sourcecode.swift; path = common.swift; sourceTree = "<group>"; };
		OBJ_34 /* sourcery */ = {isa = PBXFileReference; lastKnownFileType = folder; path = sourcery; sourceTree = SOURCE_ROOT; };
		OBJ_37 /* Package.swift */ = {isa = PBXFileReference; explicitFileType = sourcecode.swift; name = Package.swift; path = "/Users/neal/xcode/danake-sw/.build/checkouts/PromiseKit--4210243614125454789/Package.swift"; sourceTree = "<group>"; };
		OBJ_38 /* Box.swift */ = {isa = PBXFileReference; lastKnownFileType = sourcecode.swift; path = Box.swift; sourceTree = "<group>"; };
		OBJ_39 /* Catchable.swift */ = {isa = PBXFileReference; lastKnownFileType = sourcecode.swift; path = Catchable.swift; sourceTree = "<group>"; };
		OBJ_40 /* Configuration.swift */ = {isa = PBXFileReference; lastKnownFileType = sourcecode.swift; path = Configuration.swift; sourceTree = "<group>"; };
		OBJ_41 /* CustomStringConvertible.swift */ = {isa = PBXFileReference; lastKnownFileType = sourcecode.swift; path = CustomStringConvertible.swift; sourceTree = "<group>"; };
		OBJ_42 /* Error.swift */ = {isa = PBXFileReference; lastKnownFileType = sourcecode.swift; path = Error.swift; sourceTree = "<group>"; };
		OBJ_43 /* Guarantee.swift */ = {isa = PBXFileReference; lastKnownFileType = sourcecode.swift; path = Guarantee.swift; sourceTree = "<group>"; };
		OBJ_44 /* Promise.swift */ = {isa = PBXFileReference; lastKnownFileType = sourcecode.swift; path = Promise.swift; sourceTree = "<group>"; };
		OBJ_45 /* Resolver.swift */ = {isa = PBXFileReference; lastKnownFileType = sourcecode.swift; path = Resolver.swift; sourceTree = "<group>"; };
		OBJ_46 /* Thenable.swift */ = {isa = PBXFileReference; lastKnownFileType = sourcecode.swift; path = Thenable.swift; sourceTree = "<group>"; };
		OBJ_47 /* after.swift */ = {isa = PBXFileReference; lastKnownFileType = sourcecode.swift; path = after.swift; sourceTree = "<group>"; };
		OBJ_48 /* firstly.swift */ = {isa = PBXFileReference; lastKnownFileType = sourcecode.swift; path = firstly.swift; sourceTree = "<group>"; };
		OBJ_49 /* hang.swift */ = {isa = PBXFileReference; lastKnownFileType = sourcecode.swift; path = hang.swift; sourceTree = "<group>"; };
		OBJ_50 /* race.swift */ = {isa = PBXFileReference; lastKnownFileType = sourcecode.swift; path = race.swift; sourceTree = "<group>"; };
		OBJ_51 /* when.swift */ = {isa = PBXFileReference; lastKnownFileType = sourcecode.swift; path = when.swift; sourceTree = "<group>"; };
		OBJ_6 /* Package.swift */ = {isa = PBXFileReference; explicitFileType = sourcecode.swift; path = Package.swift; sourceTree = "<group>"; };
		OBJ_9 /* EntityCache.swift */ = {isa = PBXFileReference; lastKnownFileType = sourcecode.swift; path = EntityCache.swift; sourceTree = "<group>"; };
		"PromiseKit::PromiseKit::Product" /* PromiseKit.framework */ = {isa = PBXFileReference; lastKnownFileType = wrapper.framework; path = PromiseKit.framework; sourceTree = BUILT_PRODUCTS_DIR; };
		"danake::danake::Product" /* danake.framework */ = {isa = PBXFileReference; lastKnownFileType = wrapper.framework; path = danake.framework; sourceTree = BUILT_PRODUCTS_DIR; };
		"danake::danakeTests::Product" /* danakeTests.xctest */ = {isa = PBXFileReference; lastKnownFileType = file; path = danakeTests.xctest; sourceTree = BUILT_PRODUCTS_DIR; };
/* End PBXFileReference section */

/* Begin PBXFrameworksBuildPhase section */
		OBJ_129 /* Frameworks */ = {
			isa = PBXFrameworksBuildPhase;
			buildActionMask = 0;
			files = (
				OBJ_130 /* danake.framework in Frameworks */,
				OBJ_131 /* PromiseKit.framework in Frameworks */,
			);
			runOnlyForDeploymentPostprocessing = 0;
		};
		OBJ_75 /* Frameworks */ = {
			isa = PBXFrameworksBuildPhase;
			buildActionMask = 0;
			files = (
			);
			runOnlyForDeploymentPostprocessing = 0;
		};
		OBJ_96 /* Frameworks */ = {
			isa = PBXFrameworksBuildPhase;
			buildActionMask = 0;
			files = (
				OBJ_97 /* PromiseKit.framework in Frameworks */,
			);
			runOnlyForDeploymentPostprocessing = 0;
		};
/* End PBXFrameworksBuildPhase section */

/* Begin PBXGroup section */
		OBJ_18 /* Tests */ = {
			isa = PBXGroup;
			children = (
				OBJ_19 /* danakeTests */,
			);
			name = Tests;
			sourceTree = SOURCE_ROOT;
		};
		OBJ_19 /* danakeTests */ = {
			isa = PBXGroup;
			children = (
				OBJ_20 /* BatchTests.swift */,
				OBJ_21 /* DatabaseTests.swift */,
				OBJ_22 /* EntityCacheTests.swift */,
				OBJ_23 /* EntityCommitDirtyTests.swift */,
				OBJ_24 /* EntityCommitNewTests.swift */,
				OBJ_25 /* EntityCommitPendingRemovalTests.swift */,
				OBJ_26 /* EntityCommitTests.swift */,
				OBJ_27 /* EntityTests.swift */,
				OBJ_28 /* InMemoryAccessorTests.swift */,
				OBJ_29 /* IntegrationTests.swift */,
				OBJ_30 /* LoggingTests.swift */,
				OBJ_31 /* ReferenceManagerTests.swift */,
				OBJ_32 /* SampleUsageTests.swift */,
				OBJ_33 /* common.swift */,
			);
			name = danakeTests;
			path = Tests/danakeTests;
			sourceTree = SOURCE_ROOT;
		};
		OBJ_35 /* Dependencies */ = {
			isa = PBXGroup;
			children = (
				OBJ_36 /* PromiseKit 6.5.3 */,
			);
			name = Dependencies;
			sourceTree = "<group>";
		};
		OBJ_36 /* PromiseKit 6.5.3 */ = {
			isa = PBXGroup;
			children = (
				OBJ_37 /* Package.swift */,
				OBJ_38 /* Box.swift */,
				OBJ_39 /* Catchable.swift */,
				OBJ_40 /* Configuration.swift */,
				OBJ_41 /* CustomStringConvertible.swift */,
				OBJ_42 /* Error.swift */,
				OBJ_43 /* Guarantee.swift */,
				OBJ_44 /* Promise.swift */,
				OBJ_45 /* Resolver.swift */,
				OBJ_46 /* Thenable.swift */,
				OBJ_47 /* after.swift */,
				OBJ_48 /* firstly.swift */,
				OBJ_49 /* hang.swift */,
				OBJ_50 /* race.swift */,
				OBJ_51 /* when.swift */,
			);
			name = "PromiseKit 6.5.3";
			path = ".build/checkouts/PromiseKit--4210243614125454789/Sources";
			sourceTree = SOURCE_ROOT;
		};
		OBJ_5 = {
			isa = PBXGroup;
			children = (
				OBJ_6 /* Package.swift */,
				OBJ_7 /* Sources */,
				OBJ_18 /* Tests */,
				OBJ_34 /* sourcery */,
				OBJ_35 /* Dependencies */,
				OBJ_52 /* Products */,
			);
			sourceTree = "<group>";
		};
		OBJ_52 /* Products */ = {
			isa = PBXGroup;
			children = (
				"danake::danakeTests::Product" /* danakeTests.xctest */,
				"danake::danake::Product" /* danake.framework */,
				"PromiseKit::PromiseKit::Product" /* PromiseKit.framework */,
			);
			name = Products;
			sourceTree = BUILT_PRODUCTS_DIR;
		};
		OBJ_7 /* Sources */ = {
			isa = PBXGroup;
			children = (
				OBJ_8 /* danake */,
			);
			name = Sources;
			sourceTree = SOURCE_ROOT;
		};
		OBJ_8 /* danake */ = {
			isa = PBXGroup;
			children = (
				OBJ_9 /* EntityCache.swift */,
				OBJ_10 /* InMemoryAccessor.swift */,
				OBJ_11 /* ParallelTest.swift */,
				OBJ_12 /* ReferenceManager.swift */,
				OBJ_13 /* SampleUsage.swift */,
				OBJ_14 /* batch.swift */,
				OBJ_15 /* database.swift */,
				OBJ_16 /* entity.swift */,
				OBJ_17 /* logging.swift */,
				0859B4F721AEA3EE007AD389 /* promise.swift */,
			);
			name = danake;
			path = Sources/danake;
			sourceTree = SOURCE_ROOT;
		};
/* End PBXGroup section */

/* Begin PBXNativeTarget section */
		"PromiseKit::PromiseKit" /* PromiseKit */ = {
			isa = PBXNativeTarget;
			buildConfigurationList = OBJ_57 /* Build configuration list for PBXNativeTarget "PromiseKit" */;
			buildPhases = (
				OBJ_60 /* Sources */,
				OBJ_75 /* Frameworks */,
			);
			buildRules = (
			);
			dependencies = (
			);
			name = PromiseKit;
			productName = PromiseKit;
			productReference = "PromiseKit::PromiseKit::Product" /* PromiseKit.framework */;
			productType = "com.apple.product-type.framework";
		};
		"PromiseKit::SwiftPMPackageDescription" /* PromiseKitPackageDescription */ = {
			isa = PBXNativeTarget;
			buildConfigurationList = OBJ_77 /* Build configuration list for PBXNativeTarget "PromiseKitPackageDescription" */;
			buildPhases = (
				OBJ_80 /* Sources */,
			);
			buildRules = (
			);
			dependencies = (
			);
			name = PromiseKitPackageDescription;
			productName = PromiseKitPackageDescription;
			productType = "com.apple.product-type.framework";
		};
		"danake::SwiftPMPackageDescription" /* danakePackageDescription */ = {
			isa = PBXNativeTarget;
			buildConfigurationList = OBJ_100 /* Build configuration list for PBXNativeTarget "danakePackageDescription" */;
			buildPhases = (
				OBJ_103 /* Sources */,
			);
			buildRules = (
			);
			dependencies = (
			);
			name = danakePackageDescription;
			productName = danakePackageDescription;
			productType = "com.apple.product-type.framework";
		};
		"danake::danake" /* danake */ = {
			isa = PBXNativeTarget;
			buildConfigurationList = OBJ_83 /* Build configuration list for PBXNativeTarget "danake" */;
			buildPhases = (
				OBJ_86 /* Sources */,
				OBJ_96 /* Frameworks */,
			);
			buildRules = (
			);
			dependencies = (
				OBJ_98 /* PBXTargetDependency */,
			);
			name = danake;
			productName = danake;
			productReference = "danake::danake::Product" /* danake.framework */;
			productType = "com.apple.product-type.framework";
		};
		"danake::danakeTests" /* danakeTests */ = {
			isa = PBXNativeTarget;
			buildConfigurationList = OBJ_111 /* Build configuration list for PBXNativeTarget "danakeTests" */;
			buildPhases = (
				OBJ_114 /* Sources */,
				OBJ_129 /* Frameworks */,
				08D6DC4521A9DC6600C16564 /* ShellScript */,
			);
			buildRules = (
			);
			dependencies = (
				OBJ_132 /* PBXTargetDependency */,
				OBJ_133 /* PBXTargetDependency */,
			);
			name = danakeTests;
			productName = danakeTests;
			productReference = "danake::danakeTests::Product" /* danakeTests.xctest */;
			productType = "com.apple.product-type.bundle.unit-test";
		};
/* End PBXNativeTarget section */

/* Begin PBXProject section */
		OBJ_1 /* Project object */ = {
			isa = PBXProject;
			attributes = {
				LastUpgradeCheck = 9999;
			};
			buildConfigurationList = OBJ_2 /* Build configuration list for PBXProject "danake" */;
			compatibilityVersion = "Xcode 3.2";
			developmentRegion = English;
			hasScannedForEncodings = 0;
			knownRegions = (
				en,
			);
			mainGroup = OBJ_5;
			productRefGroup = OBJ_52 /* Products */;
			projectDirPath = "";
			projectRoot = "";
			targets = (
				"PromiseKit::PromiseKit" /* PromiseKit */,
				"PromiseKit::SwiftPMPackageDescription" /* PromiseKitPackageDescription */,
				"danake::danake" /* danake */,
				"danake::SwiftPMPackageDescription" /* danakePackageDescription */,
				"danake::danakePackageTests::ProductTarget" /* danakePackageTests */,
				"danake::danakeTests" /* danakeTests */,
			);
		};
/* End PBXProject section */

/* Begin PBXShellScriptBuildPhase section */
		08D6DC4521A9DC6600C16564 /* ShellScript */ = {
			isa = PBXShellScriptBuildPhase;
			buildActionMask = 2147483647;
			files = (
			);
			inputFileListPaths = (
			);
			inputPaths = (
			);
			outputFileListPaths = (
			);
			outputPaths = (
			);
			runOnlyForDeploymentPostprocessing = 0;
			shellPath = /bin/sh;
			shellScript = "$SRCROOT/sourcery.sh\n";
		};
/* End PBXShellScriptBuildPhase section */

/* Begin PBXSourcesBuildPhase section */
		OBJ_103 /* Sources */ = {
			isa = PBXSourcesBuildPhase;
			buildActionMask = 0;
			files = (
				OBJ_104 /* Package.swift in Sources */,
			);
			runOnlyForDeploymentPostprocessing = 0;
		};
		OBJ_114 /* Sources */ = {
			isa = PBXSourcesBuildPhase;
			buildActionMask = 0;
			files = (
				OBJ_115 /* BatchTests.swift in Sources */,
				OBJ_116 /* DatabaseTests.swift in Sources */,
				OBJ_117 /* EntityCacheTests.swift in Sources */,
				OBJ_118 /* EntityCommitDirtyTests.swift in Sources */,
				OBJ_119 /* EntityCommitNewTests.swift in Sources */,
				OBJ_120 /* EntityCommitPendingRemovalTests.swift in Sources */,
				OBJ_121 /* EntityCommitTests.swift in Sources */,
				OBJ_122 /* EntityTests.swift in Sources */,
				OBJ_123 /* InMemoryAccessorTests.swift in Sources */,
				OBJ_124 /* IntegrationTests.swift in Sources */,
				OBJ_125 /* LoggingTests.swift in Sources */,
				OBJ_126 /* ReferenceManagerTests.swift in Sources */,
				OBJ_127 /* SampleUsageTests.swift in Sources */,
				OBJ_128 /* common.swift in Sources */,
			);
			runOnlyForDeploymentPostprocessing = 0;
		};
		OBJ_60 /* Sources */ = {
			isa = PBXSourcesBuildPhase;
			buildActionMask = 0;
			files = (
				OBJ_61 /* Box.swift in Sources */,
				OBJ_62 /* Catchable.swift in Sources */,
				OBJ_63 /* Configuration.swift in Sources */,
				OBJ_64 /* CustomStringConvertible.swift in Sources */,
				OBJ_65 /* Error.swift in Sources */,
				OBJ_66 /* Guarantee.swift in Sources */,
				OBJ_67 /* Promise.swift in Sources */,
				OBJ_68 /* Resolver.swift in Sources */,
				OBJ_69 /* Thenable.swift in Sources */,
				OBJ_70 /* after.swift in Sources */,
				OBJ_71 /* firstly.swift in Sources */,
				OBJ_72 /* hang.swift in Sources */,
				OBJ_73 /* race.swift in Sources */,
				OBJ_74 /* when.swift in Sources */,
			);
			runOnlyForDeploymentPostprocessing = 0;
		};
		OBJ_80 /* Sources */ = {
			isa = PBXSourcesBuildPhase;
			buildActionMask = 0;
			files = (
				OBJ_81 /* Package.swift in Sources */,
			);
			runOnlyForDeploymentPostprocessing = 0;
		};
		OBJ_86 /* Sources */ = {
			isa = PBXSourcesBuildPhase;
			buildActionMask = 0;
			files = (
				OBJ_87 /* EntityCache.swift in Sources */,
				OBJ_88 /* InMemoryAccessor.swift in Sources */,
				OBJ_89 /* ParallelTest.swift in Sources */,
				0859B4F821AEA3EE007AD389 /* promise.swift in Sources */,
				OBJ_90 /* ReferenceManager.swift in Sources */,
				OBJ_91 /* SampleUsage.swift in Sources */,
				OBJ_92 /* batch.swift in Sources */,
				OBJ_93 /* database.swift in Sources */,
				OBJ_94 /* entity.swift in Sources */,
				OBJ_95 /* logging.swift in Sources */,
			);
			runOnlyForDeploymentPostprocessing = 0;
		};
/* End PBXSourcesBuildPhase section */

/* Begin PBXTargetDependency section */
		OBJ_109 /* PBXTargetDependency */ = {
			isa = PBXTargetDependency;
			target = "danake::danakeTests" /* danakeTests */;
			targetProxy = 08D6DC4421A9DC5100C16564 /* PBXContainerItemProxy */;
		};
		OBJ_132 /* PBXTargetDependency */ = {
			isa = PBXTargetDependency;
			target = "danake::danake" /* danake */;
			targetProxy = 08D6DC4221A9DC5000C16564 /* PBXContainerItemProxy */;
		};
		OBJ_133 /* PBXTargetDependency */ = {
			isa = PBXTargetDependency;
			target = "PromiseKit::PromiseKit" /* PromiseKit */;
			targetProxy = 08D6DC4321A9DC5000C16564 /* PBXContainerItemProxy */;
		};
		OBJ_98 /* PBXTargetDependency */ = {
			isa = PBXTargetDependency;
			target = "PromiseKit::PromiseKit" /* PromiseKit */;
			targetProxy = 08D6DC4121A9DC5000C16564 /* PBXContainerItemProxy */;
		};
/* End PBXTargetDependency section */

/* Begin XCBuildConfiguration section */
		OBJ_101 /* Debug */ = {
			isa = XCBuildConfiguration;
			buildSettings = {
				LD = /usr/bin/true;
				OTHER_SWIFT_FLAGS = "-swift-version 4 -I $(TOOLCHAIN_DIR)/usr/lib/swift/pm/4 -target x86_64-apple-macosx10.10 -sdk /Applications/Xcode.app/Contents/Developer/Platforms/MacOSX.platform/Developer/SDKs/MacOSX10.14.sdk";
				SWIFT_VERSION = 4.0;
			};
			name = Debug;
		};
		OBJ_102 /* Release */ = {
			isa = XCBuildConfiguration;
			buildSettings = {
				LD = /usr/bin/true;
				OTHER_SWIFT_FLAGS = "-swift-version 4 -I $(TOOLCHAIN_DIR)/usr/lib/swift/pm/4 -target x86_64-apple-macosx10.10 -sdk /Applications/Xcode.app/Contents/Developer/Platforms/MacOSX.platform/Developer/SDKs/MacOSX10.14.sdk";
				SWIFT_VERSION = 4.0;
			};
			name = Release;
		};
		OBJ_107 /* Debug */ = {
			isa = XCBuildConfiguration;
			buildSettings = {
			};
			name = Debug;
		};
		OBJ_108 /* Release */ = {
			isa = XCBuildConfiguration;
			buildSettings = {
			};
			name = Release;
		};
		OBJ_112 /* Debug */ = {
			isa = XCBuildConfiguration;
			buildSettings = {
				CLANG_ENABLE_MODULES = YES;
				EMBEDDED_CONTENT_CONTAINS_SWIFT = YES;
				FRAMEWORK_SEARCH_PATHS = (
					"$(inherited)",
					"$(PLATFORM_DIR)/Developer/Library/Frameworks",
				);
				HEADER_SEARCH_PATHS = "$(inherited)";
				INFOPLIST_FILE = danake.xcodeproj/danakeTests_Info.plist;
				LD_RUNPATH_SEARCH_PATHS = "$(inherited) @loader_path/../Frameworks @loader_path/Frameworks";
				OTHER_CFLAGS = "$(inherited)";
				OTHER_LDFLAGS = "$(inherited)";
				OTHER_SWIFT_FLAGS = "$(inherited)";
				SWIFT_ACTIVE_COMPILATION_CONDITIONS = "$(inherited)";
				SWIFT_VERSION = 4.0;
				TARGET_NAME = danakeTests;
			};
			name = Debug;
		};
		OBJ_113 /* Release */ = {
			isa = XCBuildConfiguration;
			buildSettings = {
				CLANG_ENABLE_MODULES = YES;
				EMBEDDED_CONTENT_CONTAINS_SWIFT = YES;
				FRAMEWORK_SEARCH_PATHS = (
					"$(inherited)",
					"$(PLATFORM_DIR)/Developer/Library/Frameworks",
				);
				HEADER_SEARCH_PATHS = "$(inherited)";
				INFOPLIST_FILE = danake.xcodeproj/danakeTests_Info.plist;
				LD_RUNPATH_SEARCH_PATHS = "$(inherited) @loader_path/../Frameworks @loader_path/Frameworks";
				OTHER_CFLAGS = "$(inherited)";
				OTHER_LDFLAGS = "$(inherited)";
				OTHER_SWIFT_FLAGS = "$(inherited)";
				SWIFT_ACTIVE_COMPILATION_CONDITIONS = "$(inherited)";
				SWIFT_VERSION = 4.0;
				TARGET_NAME = danakeTests;
			};
			name = Release;
		};
		OBJ_3 /* Debug */ = {
			isa = XCBuildConfiguration;
			buildSettings = {
				CLANG_ENABLE_OBJC_ARC = YES;
				COMBINE_HIDPI_IMAGES = YES;
				COPY_PHASE_STRIP = NO;
				DEBUG_INFORMATION_FORMAT = dwarf;
				DYLIB_INSTALL_NAME_BASE = "@rpath";
				ENABLE_NS_ASSERTIONS = YES;
				GCC_OPTIMIZATION_LEVEL = 0;
				GCC_PREPROCESSOR_DEFINITIONS = (
					"DEBUG=1",
					"$(inherited)",
				);
				MACOSX_DEPLOYMENT_TARGET = 10.10;
				ONLY_ACTIVE_ARCH = YES;
				OTHER_SWIFT_FLAGS = "-DXcode";
				PRODUCT_NAME = "$(TARGET_NAME)";
				SDKROOT = macosx;
				SUPPORTED_PLATFORMS = "macosx iphoneos iphonesimulator appletvos appletvsimulator watchos watchsimulator";
				SWIFT_ACTIVE_COMPILATION_CONDITIONS = "SWIFT_PACKAGE DEBUG";
				SWIFT_OPTIMIZATION_LEVEL = "-Onone";
				USE_HEADERMAP = NO;
			};
			name = Debug;
		};
		OBJ_4 /* Release */ = {
			isa = XCBuildConfiguration;
			buildSettings = {
				CLANG_ENABLE_OBJC_ARC = YES;
				COMBINE_HIDPI_IMAGES = YES;
				COPY_PHASE_STRIP = YES;
				DEBUG_INFORMATION_FORMAT = "dwarf-with-dsym";
				DYLIB_INSTALL_NAME_BASE = "@rpath";
				GCC_OPTIMIZATION_LEVEL = s;
				MACOSX_DEPLOYMENT_TARGET = 10.10;
				OTHER_SWIFT_FLAGS = "-DXcode";
				PRODUCT_NAME = "$(TARGET_NAME)";
				SDKROOT = macosx;
				SUPPORTED_PLATFORMS = "macosx iphoneos iphonesimulator appletvos appletvsimulator watchos watchsimulator";
				SWIFT_ACTIVE_COMPILATION_CONDITIONS = SWIFT_PACKAGE;
				SWIFT_OPTIMIZATION_LEVEL = "-Owholemodule";
				USE_HEADERMAP = NO;
			};
			name = Release;
		};
		OBJ_58 /* Debug */ = {
			isa = XCBuildConfiguration;
			buildSettings = {
				ENABLE_TESTABILITY = YES;
				FRAMEWORK_SEARCH_PATHS = (
					"$(inherited)",
					"$(PLATFORM_DIR)/Developer/Library/Frameworks",
				);
				HEADER_SEARCH_PATHS = "$(inherited)";
				INFOPLIST_FILE = danake.xcodeproj/PromiseKit_Info.plist;
				LD_RUNPATH_SEARCH_PATHS = "$(inherited) $(TOOLCHAIN_DIR)/usr/lib/swift/macosx";
				OTHER_CFLAGS = "$(inherited)";
				OTHER_LDFLAGS = "$(inherited)";
				OTHER_SWIFT_FLAGS = "$(inherited)";
				PRODUCT_BUNDLE_IDENTIFIER = PromiseKit;
				PRODUCT_MODULE_NAME = "$(TARGET_NAME:c99extidentifier)";
				PRODUCT_NAME = "$(TARGET_NAME:c99extidentifier)";
				SKIP_INSTALL = YES;
				SWIFT_ACTIVE_COMPILATION_CONDITIONS = "$(inherited)";
				SWIFT_VERSION = 4.2;
				TARGET_NAME = PromiseKit;
			};
			name = Debug;
		};
		OBJ_59 /* Release */ = {
			isa = XCBuildConfiguration;
			buildSettings = {
				ENABLE_TESTABILITY = YES;
				FRAMEWORK_SEARCH_PATHS = (
					"$(inherited)",
					"$(PLATFORM_DIR)/Developer/Library/Frameworks",
				);
				HEADER_SEARCH_PATHS = "$(inherited)";
				INFOPLIST_FILE = danake.xcodeproj/PromiseKit_Info.plist;
				LD_RUNPATH_SEARCH_PATHS = "$(inherited) $(TOOLCHAIN_DIR)/usr/lib/swift/macosx";
				OTHER_CFLAGS = "$(inherited)";
				OTHER_LDFLAGS = "$(inherited)";
				OTHER_SWIFT_FLAGS = "$(inherited)";
				PRODUCT_BUNDLE_IDENTIFIER = PromiseKit;
				PRODUCT_MODULE_NAME = "$(TARGET_NAME:c99extidentifier)";
				PRODUCT_NAME = "$(TARGET_NAME:c99extidentifier)";
				SKIP_INSTALL = YES;
				SWIFT_ACTIVE_COMPILATION_CONDITIONS = "$(inherited)";
				SWIFT_VERSION = 4.2;
				TARGET_NAME = PromiseKit;
			};
			name = Release;
		};
		OBJ_78 /* Debug */ = {
			isa = XCBuildConfiguration;
			buildSettings = {
				LD = /usr/bin/true;
				OTHER_SWIFT_FLAGS = "-swift-version 4.2 -I $(TOOLCHAIN_DIR)/usr/lib/swift/pm/4_2 -target x86_64-apple-macosx10.10 -sdk /Applications/Xcode.app/Contents/Developer/Platforms/MacOSX.platform/Developer/SDKs/MacOSX10.14.sdk";
				SWIFT_VERSION = 4.2;
			};
			name = Debug;
		};
		OBJ_79 /* Release */ = {
			isa = XCBuildConfiguration;
			buildSettings = {
				LD = /usr/bin/true;
				OTHER_SWIFT_FLAGS = "-swift-version 4.2 -I $(TOOLCHAIN_DIR)/usr/lib/swift/pm/4_2 -target x86_64-apple-macosx10.10 -sdk /Applications/Xcode.app/Contents/Developer/Platforms/MacOSX.platform/Developer/SDKs/MacOSX10.14.sdk";
				SWIFT_VERSION = 4.2;
			};
			name = Release;
		};
		OBJ_84 /* Debug */ = {
			isa = XCBuildConfiguration;
			buildSettings = {
				ENABLE_TESTABILITY = YES;
				FRAMEWORK_SEARCH_PATHS = (
					"$(inherited)",
					"$(PLATFORM_DIR)/Developer/Library/Frameworks",
				);
				HEADER_SEARCH_PATHS = "$(inherited)";
				INFOPLIST_FILE = danake.xcodeproj/danake_Info.plist;
				LD_RUNPATH_SEARCH_PATHS = "$(inherited) $(TOOLCHAIN_DIR)/usr/lib/swift/macosx";
				OTHER_CFLAGS = "$(inherited)";
				OTHER_LDFLAGS = "$(inherited)";
				OTHER_SWIFT_FLAGS = "$(inherited)";
				PRODUCT_BUNDLE_IDENTIFIER = danake;
				PRODUCT_MODULE_NAME = "$(TARGET_NAME:c99extidentifier)";
				PRODUCT_NAME = "$(TARGET_NAME:c99extidentifier)";
				SKIP_INSTALL = YES;
				SWIFT_ACTIVE_COMPILATION_CONDITIONS = "$(inherited)";
				SWIFT_VERSION = 4.0;
				TARGET_NAME = danake;
			};
			name = Debug;
		};
		OBJ_85 /* Release */ = {
			isa = XCBuildConfiguration;
			buildSettings = {
				ENABLE_TESTABILITY = YES;
				FRAMEWORK_SEARCH_PATHS = (
					"$(inherited)",
					"$(PLATFORM_DIR)/Developer/Library/Frameworks",
				);
				HEADER_SEARCH_PATHS = "$(inherited)";
				INFOPLIST_FILE = danake.xcodeproj/danake_Info.plist;
				LD_RUNPATH_SEARCH_PATHS = "$(inherited) $(TOOLCHAIN_DIR)/usr/lib/swift/macosx";
				OTHER_CFLAGS = "$(inherited)";
				OTHER_LDFLAGS = "$(inherited)";
				OTHER_SWIFT_FLAGS = "$(inherited)";
				PRODUCT_BUNDLE_IDENTIFIER = danake;
				PRODUCT_MODULE_NAME = "$(TARGET_NAME:c99extidentifier)";
				PRODUCT_NAME = "$(TARGET_NAME:c99extidentifier)";
				SKIP_INSTALL = YES;
				SWIFT_ACTIVE_COMPILATION_CONDITIONS = "$(inherited)";
				SWIFT_VERSION = 4.0;
				TARGET_NAME = danake;
			};
			name = Release;
		};
/* End XCBuildConfiguration section */

/* Begin XCConfigurationList section */
		OBJ_100 /* Build configuration list for PBXNativeTarget "danakePackageDescription" */ = {
			isa = XCConfigurationList;
			buildConfigurations = (
				OBJ_101 /* Debug */,
				OBJ_102 /* Release */,
			);
			defaultConfigurationIsVisible = 0;
			defaultConfigurationName = Release;
		};
		OBJ_106 /* Build configuration list for PBXAggregateTarget "danakePackageTests" */ = {
			isa = XCConfigurationList;
			buildConfigurations = (
				OBJ_107 /* Debug */,
				OBJ_108 /* Release */,
			);
			defaultConfigurationIsVisible = 0;
			defaultConfigurationName = Release;
		};
		OBJ_111 /* Build configuration list for PBXNativeTarget "danakeTests" */ = {
			isa = XCConfigurationList;
			buildConfigurations = (
				OBJ_112 /* Debug */,
				OBJ_113 /* Release */,
			);
			defaultConfigurationIsVisible = 0;
			defaultConfigurationName = Release;
		};
		OBJ_2 /* Build configuration list for PBXProject "danake" */ = {
			isa = XCConfigurationList;
			buildConfigurations = (
				OBJ_3 /* Debug */,
				OBJ_4 /* Release */,
			);
			defaultConfigurationIsVisible = 0;
			defaultConfigurationName = Release;
		};
		OBJ_57 /* Build configuration list for PBXNativeTarget "PromiseKit" */ = {
			isa = XCConfigurationList;
			buildConfigurations = (
				OBJ_58 /* Debug */,
				OBJ_59 /* Release */,
			);
			defaultConfigurationIsVisible = 0;
			defaultConfigurationName = Release;
		};
		OBJ_77 /* Build configuration list for PBXNativeTarget "PromiseKitPackageDescription" */ = {
			isa = XCConfigurationList;
			buildConfigurations = (
				OBJ_78 /* Debug */,
				OBJ_79 /* Release */,
			);
			defaultConfigurationIsVisible = 0;
			defaultConfigurationName = Release;
		};
		OBJ_83 /* Build configuration list for PBXNativeTarget "danake" */ = {
			isa = XCConfigurationList;
			buildConfigurations = (
				OBJ_84 /* Debug */,
				OBJ_85 /* Release */,
			);
			defaultConfigurationIsVisible = 0;
			defaultConfigurationName = Release;
		};
/* End XCConfigurationList section */
	};
	rootObject = OBJ_1 /* Project object */;
}
